// !$*UTF8*$!
{
	archiveVersion = 1;
	classes = {
	};
	objectVersion = 54;
	objects = {

/* Begin PBXBuildFile section */
		34B55FB42EDA5DEF00A9BD51 /* MathParser in Frameworks */ = {isa = PBXBuildFile; productRef = 34B55FB32EDA5DEF00A9BD51 /* MathParser */; };
		34B55FBB2EDA654E00A9BD51 /* MathParser in Frameworks */ = {isa = PBXBuildFile; productRef = 34B55FBA2EDA654E00A9BD51 /* MathParser */; };
		34B55FC12EDC9FAB00A9BD51 /* PrivacyInfo.xcprivacy in Resources */ = {isa = PBXBuildFile; fileRef = 34B55FC02EDC9FAB00A9BD51 /* PrivacyInfo.xcprivacy */; };
		34B55FC32EDC9FD000A9BD51 /* PrivacyInfo.xcprivacy in Resources */ = {isa = PBXBuildFile; fileRef = 34B55FC22EDC9FD000A9BD51 /* PrivacyInfo.xcprivacy */; };
		34B55FC52EDCA02000A9BD51 /* PrivacyInfo.xcprivacy in Resources */ = {isa = PBXBuildFile; fileRef = 34B55FC42EDCA02000A9BD51 /* PrivacyInfo.xcprivacy */; };
		521BB6781E3FAB7C00024273 /* KO Watch App.app in Embed Watch Content */ = {isa = PBXBuildFile; fileRef = 52B40EEF1DFACED2005016C3 /* KO Watch App.app */; };
		52202EDE1E33F0490065E59A /* BoardViewController.swift in Sources */ = {isa = PBXBuildFile; fileRef = 52202EDD1E33F0490065E59A /* BoardViewController.swift */; };
		52202EE11E33F2150065E59A /* HowToKnockOutViewController.swift in Sources */ = {isa = PBXBuildFile; fileRef = 52202EE01E33F2150065E59A /* HowToKnockOutViewController.swift */; };
		52202EE31E33FCE60065E59A /* GameEngine.swift in Sources */ = {isa = PBXBuildFile; fileRef = 52202EE21E33FCE60065E59A /* GameEngine.swift */; };
		526024131DFADFEA005379C4 /* SplashScreenInterfaceController.swift in Sources */ = {isa = PBXBuildFile; fileRef = 526024121DFADFEA005379C4 /* SplashScreenInterfaceController.swift */; };
		526024151DFADFFC005379C4 /* BoardInterfaceController.swift in Sources */ = {isa = PBXBuildFile; fileRef = 526024141DFADFFC005379C4 /* BoardInterfaceController.swift */; };
		526024171DFAE003005379C4 /* ChooseFourInterfaceController.swift in Sources */ = {isa = PBXBuildFile; fileRef = 526024161DFAE003005379C4 /* ChooseFourInterfaceController.swift */; };
		526024191DFAE29B005379C4 /* HowToKnockOutInterfaceController.swift in Sources */ = {isa = PBXBuildFile; fileRef = 526024181DFAE29B005379C4 /* HowToKnockOutInterfaceController.swift */; };
		526B08AD1E6ED56400D26232 /* WonViewController.swift in Sources */ = {isa = PBXBuildFile; fileRef = 526B08AC1E6ED56400D26232 /* WonViewController.swift */; };
		528C49B41E3FA031004DA88E /* GameEngine.swift in Sources */ = {isa = PBXBuildFile; fileRef = 52202EE21E33FCE60065E59A /* GameEngine.swift */; };
		529B5CF81E70646400AEE4F4 /* WonInterfaceController.swift in Sources */ = {isa = PBXBuildFile; fileRef = 529B5CF71E70646400AEE4F4 /* WonInterfaceController.swift */; };
		52B40EE11DFACED2005016C3 /* AppDelegate.swift in Sources */ = {isa = PBXBuildFile; fileRef = 52B40EE01DFACED2005016C3 /* AppDelegate.swift */; };
		52B40EE31DFACED2005016C3 /* SplashScreenViewController.swift in Sources */ = {isa = PBXBuildFile; fileRef = 52B40EE21DFACED2005016C3 /* SplashScreenViewController.swift */; };
		52B40EE61DFACED2005016C3 /* Main.storyboard in Resources */ = {isa = PBXBuildFile; fileRef = 52B40EE41DFACED2005016C3 /* Main.storyboard */; };
		52B40EE81DFACED2005016C3 /* Assets.xcassets in Resources */ = {isa = PBXBuildFile; fileRef = 52B40EE71DFACED2005016C3 /* Assets.xcassets */; };
		52B40EEB1DFACED2005016C3 /* LaunchScreen.storyboard in Resources */ = {isa = PBXBuildFile; fileRef = 52B40EE91DFACED2005016C3 /* LaunchScreen.storyboard */; };
		52B40EF61DFACED2005016C3 /* Interface.storyboard in Resources */ = {isa = PBXBuildFile; fileRef = 52B40EF41DFACED2005016C3 /* Interface.storyboard */; };
		52B40EF81DFACED2005016C3 /* Assets.xcassets in Resources */ = {isa = PBXBuildFile; fileRef = 52B40EF71DFACED2005016C3 /* Assets.xcassets */; };
		52B40EFF1DFACED2005016C3 /* KO WatchKit Extension.appex in Embed App Extensions */ = {isa = PBXBuildFile; fileRef = 52B40EFE1DFACED2005016C3 /* KO WatchKit Extension.appex */; settings = {ATTRIBUTES = (RemoveHeadersOnCopy, ); }; };
		52B40F061DFACED2005016C3 /* ExtensionDelegate.swift in Sources */ = {isa = PBXBuildFile; fileRef = 52B40F051DFACED2005016C3 /* ExtensionDelegate.swift */; };
		52B40F081DFACED2005016C3 /* Assets.xcassets in Resources */ = {isa = PBXBuildFile; fileRef = 52B40F071DFACED2005016C3 /* Assets.xcassets */; };
		52EBE9771E33B35C008F19A7 /* ChooseFourViewController.swift in Sources */ = {isa = PBXBuildFile; fileRef = 52EBE9761E33B35C008F19A7 /* ChooseFourViewController.swift */; };
/* End PBXBuildFile section */

/* Begin PBXContainerItemProxy section */
		34B55FBC2EDA6D1D00A9BD51 /* PBXContainerItemProxy */ = {
			isa = PBXContainerItemProxy;
			containerPortal = 52B40ED51DFACED2005016C3 /* Project object */;
			proxyType = 1;
			remoteGlobalIDString = 52B40EEE1DFACED2005016C3;
			remoteInfo = "KO Watch App";
		};
		34B55FBE2EDA6D2300A9BD51 /* PBXContainerItemProxy */ = {
			isa = PBXContainerItemProxy;
			containerPortal = 52B40ED51DFACED2005016C3 /* Project object */;
			proxyType = 1;
			remoteGlobalIDString = 52B40EFD1DFACED2005016C3;
			remoteInfo = "KO WatchKit Extension";
		};
		52B40F001DFACED2005016C3 /* PBXContainerItemProxy */ = {
			isa = PBXContainerItemProxy;
			containerPortal = 52B40ED51DFACED2005016C3 /* Project object */;
			proxyType = 1;
			remoteGlobalIDString = 52B40EFD1DFACED2005016C3;
			remoteInfo = "NoNotif WatchKit Extension";
		};
/* End PBXContainerItemProxy section */

/* Begin PBXCopyFilesBuildPhase section */
		5227BBBF1E5F100300A40306 /* CopyFiles */ = {
			isa = PBXCopyFilesBuildPhase;
			buildActionMask = 2147483647;
			dstPath = "";
			dstSubfolderSpec = 10;
			files = (
			);
			runOnlyForDeploymentPostprocessing = 0;
		};
		52B40F0F1DFACED2005016C3 /* Embed App Extensions */ = {
			isa = PBXCopyFilesBuildPhase;
			buildActionMask = 2147483647;
			dstPath = "";
			dstSubfolderSpec = 13;
			files = (
				52B40EFF1DFACED2005016C3 /* KO WatchKit Extension.appex in Embed App Extensions */,
			);
			name = "Embed App Extensions";
			runOnlyForDeploymentPostprocessing = 0;
		};
		52B40F131DFACED2005016C3 /* Embed Watch Content */ = {
			isa = PBXCopyFilesBuildPhase;
			buildActionMask = 2147483647;
			dstPath = "$(CONTENTS_FOLDER_PATH)/Watch";
			dstSubfolderSpec = 16;
			files = (
				521BB6781E3FAB7C00024273 /* KO Watch App.app in Embed Watch Content */,
			);
			name = "Embed Watch Content";
			runOnlyForDeploymentPostprocessing = 0;
		};
		52F8D5451E5DC63700C8F404 /* Embed Frameworks */ = {
			isa = PBXCopyFilesBuildPhase;
			buildActionMask = 2147483647;
			dstPath = "";
			dstSubfolderSpec = 10;
			files = (
			);
			name = "Embed Frameworks";
			runOnlyForDeploymentPostprocessing = 0;
		};
/* End PBXCopyFilesBuildPhase section */

/* Begin PBXFileReference section */
		34B55FC02EDC9FAB00A9BD51 /* PrivacyInfo.xcprivacy */ = {isa = PBXFileReference; lastKnownFileType = text.xml; name = PrivacyInfo.xcprivacy; path = NoNotif/PrivacyInfo.xcprivacy; sourceTree = "<group>"; };
		34B55FC22EDC9FD000A9BD51 /* PrivacyInfo.xcprivacy */ = {isa = PBXFileReference; lastKnownFileType = text.xml; name = PrivacyInfo.xcprivacy; path = "NoNotif WatchKit App/PrivacyInfo.xcprivacy"; sourceTree = "<group>"; };
		34B55FC42EDCA02000A9BD51 /* PrivacyInfo.xcprivacy */ = {isa = PBXFileReference; lastKnownFileType = text.xml; name = PrivacyInfo.xcprivacy; path = "NoNotif WatchKit Extension/PrivacyInfo.xcprivacy"; sourceTree = "<group>"; };
		52202EDD1E33F0490065E59A /* BoardViewController.swift */ = {isa = PBXFileReference; fileEncoding = 4; lastKnownFileType = sourcecode.swift; path = BoardViewController.swift; sourceTree = "<group>"; };
		52202EE01E33F2150065E59A /* HowToKnockOutViewController.swift */ = {isa = PBXFileReference; fileEncoding = 4; lastKnownFileType = sourcecode.swift; path = HowToKnockOutViewController.swift; sourceTree = "<group>"; };
		52202EE21E33FCE60065E59A /* GameEngine.swift */ = {isa = PBXFileReference; fileEncoding = 4; lastKnownFileType = sourcecode.swift; path = GameEngine.swift; sourceTree = "<group>"; };
		526024121DFADFEA005379C4 /* SplashScreenInterfaceController.swift */ = {isa = PBXFileReference; fileEncoding = 4; lastKnownFileType = sourcecode.swift; path = SplashScreenInterfaceController.swift; sourceTree = "<group>"; };
		526024141DFADFFC005379C4 /* BoardInterfaceController.swift */ = {isa = PBXFileReference; fileEncoding = 4; lastKnownFileType = sourcecode.swift; path = BoardInterfaceController.swift; sourceTree = "<group>"; };
		526024161DFAE003005379C4 /* ChooseFourInterfaceController.swift */ = {isa = PBXFileReference; fileEncoding = 4; lastKnownFileType = sourcecode.swift; path = ChooseFourInterfaceController.swift; sourceTree = "<group>"; };
		526024181DFAE29B005379C4 /* HowToKnockOutInterfaceController.swift */ = {isa = PBXFileReference; fileEncoding = 4; lastKnownFileType = sourcecode.swift; path = HowToKnockOutInterfaceController.swift; sourceTree = "<group>"; };
		526B08AC1E6ED56400D26232 /* WonViewController.swift */ = {isa = PBXFileReference; fileEncoding = 4; lastKnownFileType = sourcecode.swift; path = WonViewController.swift; sourceTree = "<group>"; };
		529B5CF71E70646400AEE4F4 /* WonInterfaceController.swift */ = {isa = PBXFileReference; fileEncoding = 4; lastKnownFileType = sourcecode.swift; path = WonInterfaceController.swift; sourceTree = "<group>"; };
		52B40EDD1DFACED2005016C3 /* KO iOS.app */ = {isa = PBXFileReference; explicitFileType = wrapper.application; includeInIndex = 0; path = "KO iOS.app"; sourceTree = BUILT_PRODUCTS_DIR; };
		52B40EE01DFACED2005016C3 /* AppDelegate.swift */ = {isa = PBXFileReference; lastKnownFileType = sourcecode.swift; path = AppDelegate.swift; sourceTree = "<group>"; };
		52B40EE21DFACED2005016C3 /* SplashScreenViewController.swift */ = {isa = PBXFileReference; lastKnownFileType = sourcecode.swift; path = SplashScreenViewController.swift; sourceTree = "<group>"; };
		52B40EE51DFACED2005016C3 /* Base */ = {isa = PBXFileReference; lastKnownFileType = file.storyboard; name = Base; path = Base.lproj/Main.storyboard; sourceTree = "<group>"; };
		52B40EE71DFACED2005016C3 /* Assets.xcassets */ = {isa = PBXFileReference; lastKnownFileType = folder.assetcatalog; path = Assets.xcassets; sourceTree = "<group>"; };
		52B40EEA1DFACED2005016C3 /* Base */ = {isa = PBXFileReference; lastKnownFileType = file.storyboard; name = Base; path = Base.lproj/LaunchScreen.storyboard; sourceTree = "<group>"; };
		52B40EEC1DFACED2005016C3 /* Info.plist */ = {isa = PBXFileReference; lastKnownFileType = text.plist.xml; path = Info.plist; sourceTree = "<group>"; };
		52B40EEF1DFACED2005016C3 /* KO Watch App.app */ = {isa = PBXFileReference; explicitFileType = wrapper.application; includeInIndex = 0; path = "KO Watch App.app"; sourceTree = BUILT_PRODUCTS_DIR; };
		52B40EF51DFACED2005016C3 /* Base */ = {isa = PBXFileReference; lastKnownFileType = file.storyboard; name = Base; path = Base.lproj/Interface.storyboard; sourceTree = "<group>"; };
		52B40EF71DFACED2005016C3 /* Assets.xcassets */ = {isa = PBXFileReference; lastKnownFileType = folder.assetcatalog; path = Assets.xcassets; sourceTree = "<group>"; };
		52B40EF91DFACED2005016C3 /* Info.plist */ = {isa = PBXFileReference; lastKnownFileType = text.plist.xml; path = Info.plist; sourceTree = "<group>"; };
		52B40EFE1DFACED2005016C3 /* KO WatchKit Extension.appex */ = {isa = PBXFileReference; explicitFileType = "wrapper.app-extension"; includeInIndex = 0; path = "KO WatchKit Extension.appex"; sourceTree = BUILT_PRODUCTS_DIR; };
		52B40F051DFACED2005016C3 /* ExtensionDelegate.swift */ = {isa = PBXFileReference; lastKnownFileType = sourcecode.swift; path = ExtensionDelegate.swift; sourceTree = "<group>"; };
		52B40F071DFACED2005016C3 /* Assets.xcassets */ = {isa = PBXFileReference; lastKnownFileType = folder.assetcatalog; path = Assets.xcassets; sourceTree = "<group>"; };
		52B40F091DFACED2005016C3 /* Info.plist */ = {isa = PBXFileReference; lastKnownFileType = text.plist.xml; path = Info.plist; sourceTree = "<group>"; };
		52EAA2EA1E3C25EF00233D2E /* MathKnockout.entitlements */ = {isa = PBXFileReference; lastKnownFileType = text.plist.entitlements; path = MathKnockout.entitlements; sourceTree = "<group>"; };
		52EBE9761E33B35C008F19A7 /* ChooseFourViewController.swift */ = {isa = PBXFileReference; fileEncoding = 4; lastKnownFileType = sourcecode.swift; path = ChooseFourViewController.swift; sourceTree = "<group>"; };
/* End PBXFileReference section */

/* Begin PBXFrameworksBuildPhase section */
		52B40EDA1DFACED2005016C3 /* Frameworks */ = {
			isa = PBXFrameworksBuildPhase;
			buildActionMask = 2147483647;
			files = (
				34B55FBB2EDA654E00A9BD51 /* MathParser in Frameworks */,
			);
			runOnlyForDeploymentPostprocessing = 0;
		};
		52B40EFB1DFACED2005016C3 /* Frameworks */ = {
			isa = PBXFrameworksBuildPhase;
			buildActionMask = 2147483647;
			files = (
				34B55FB42EDA5DEF00A9BD51 /* MathParser in Frameworks */,
			);
			runOnlyForDeploymentPostprocessing = 0;
		};
/* End PBXFrameworksBuildPhase section */

/* Begin PBXGroup section */
		34B55FB72EDA610400A9BD51 /* Frameworks */ = {
			isa = PBXGroup;
			children = (
			);
			name = Frameworks;
			sourceTree = "<group>";
		};
		528C49B31E3FA01B004DA88E /* Shared */ = {
			isa = PBXGroup;
			children = (
				52202EE21E33FCE60065E59A /* GameEngine.swift */,
			);
			name = Shared;
			path = NoNotif;
			sourceTree = "<group>";
		};
		52B40ED41DFACED2005016C3 = {
			isa = PBXGroup;
			children = (
				34B55FC02EDC9FAB00A9BD51 /* PrivacyInfo.xcprivacy */,
				34B55FC22EDC9FD000A9BD51 /* PrivacyInfo.xcprivacy */,
				34B55FC42EDCA02000A9BD51 /* PrivacyInfo.xcprivacy */,
				52FAD4B01EAAC61B003B60BE /* dependencies */,
				528C49B31E3FA01B004DA88E /* Shared */,
				52B40EDF1DFACED2005016C3 /* iOS App */,
				52B40EF31DFACED2005016C3 /* WatchKit App */,
				52B40F021DFACED2005016C3 /* WatchKit Extension */,
				34B55FB72EDA610400A9BD51 /* Frameworks */,
				52B40EDE1DFACED2005016C3 /* Products */,
			);
			sourceTree = "<group>";
		};
		52B40EDE1DFACED2005016C3 /* Products */ = {
			isa = PBXGroup;
			children = (
				52B40EDD1DFACED2005016C3 /* KO iOS.app */,
				52B40EEF1DFACED2005016C3 /* KO Watch App.app */,
				52B40EFE1DFACED2005016C3 /* KO WatchKit Extension.appex */,
			);
			name = Products;
			sourceTree = "<group>";
		};
		52B40EDF1DFACED2005016C3 /* iOS App */ = {
			isa = PBXGroup;
			children = (
				52EAA2EA1E3C25EF00233D2E /* MathKnockout.entitlements */,
				52B40EE01DFACED2005016C3 /* AppDelegate.swift */,
				52B40EE21DFACED2005016C3 /* SplashScreenViewController.swift */,
				52EBE9761E33B35C008F19A7 /* ChooseFourViewController.swift */,
				52202EDD1E33F0490065E59A /* BoardViewController.swift */,
				52202EE01E33F2150065E59A /* HowToKnockOutViewController.swift */,
				526B08AC1E6ED56400D26232 /* WonViewController.swift */,
				52B40EE41DFACED2005016C3 /* Main.storyboard */,
				52B40EE71DFACED2005016C3 /* Assets.xcassets */,
				52B40EEC1DFACED2005016C3 /* Info.plist */,
			);
			name = "iOS App";
			path = NoNotif;
			sourceTree = "<group>";
		};
		52B40EF31DFACED2005016C3 /* WatchKit App */ = {
			isa = PBXGroup;
			children = (
				52B40EE91DFACED2005016C3 /* LaunchScreen.storyboard */,
				52B40EF41DFACED2005016C3 /* Interface.storyboard */,
				52B40EF71DFACED2005016C3 /* Assets.xcassets */,
				52B40EF91DFACED2005016C3 /* Info.plist */,
			);
			name = "WatchKit App";
			path = "NoNotif WatchKit App";
			sourceTree = "<group>";
		};
		52B40F021DFACED2005016C3 /* WatchKit Extension */ = {
			isa = PBXGroup;
			children = (
				52B40F051DFACED2005016C3 /* ExtensionDelegate.swift */,
				526024121DFADFEA005379C4 /* SplashScreenInterfaceController.swift */,
				526024161DFAE003005379C4 /* ChooseFourInterfaceController.swift */,
				526024141DFADFFC005379C4 /* BoardInterfaceController.swift */,
				526024181DFAE29B005379C4 /* HowToKnockOutInterfaceController.swift */,
				529B5CF71E70646400AEE4F4 /* WonInterfaceController.swift */,
				52B40F071DFACED2005016C3 /* Assets.xcassets */,
				52B40F091DFACED2005016C3 /* Info.plist */,
			);
			name = "WatchKit Extension";
			path = "NoNotif WatchKit Extension";
			sourceTree = "<group>";
		};
		52FAD4B01EAAC61B003B60BE /* dependencies */ = {
			isa = PBXGroup;
			children = (
			);
			name = dependencies;
			sourceTree = "<group>";
		};
/* End PBXGroup section */

/* Begin PBXNativeTarget section */
		52B40EDC1DFACED2005016C3 /* KO iOS */ = {
			isa = PBXNativeTarget;
			buildConfigurationList = 52B40F141DFACED2005016C3 /* Build configuration list for PBXNativeTarget "KO iOS" */;
			buildPhases = (
				52B40ED91DFACED2005016C3 /* Sources */,
				52B40EDA1DFACED2005016C3 /* Frameworks */,
				52B40EDB1DFACED2005016C3 /* Resources */,
				52B40F131DFACED2005016C3 /* Embed Watch Content */,
				5227BBBF1E5F100300A40306 /* CopyFiles */,
			);
			buildRules = (
			);
			dependencies = (
				34B55FBF2EDA6D2300A9BD51 /* PBXTargetDependency */,
				34B55FBD2EDA6D1D00A9BD51 /* PBXTargetDependency */,
			);
			name = "KO iOS";
			productName = MathKnockout;
			productReference = 52B40EDD1DFACED2005016C3 /* KO iOS.app */;
			productType = "com.apple.product-type.application";
		};
		52B40EEE1DFACED2005016C3 /* KO Watch App */ = {
			isa = PBXNativeTarget;
			buildConfigurationList = 52B40F101DFACED2005016C3 /* Build configuration list for PBXNativeTarget "KO Watch App" */;
			buildPhases = (
				52B40EED1DFACED2005016C3 /* Resources */,
				52B40F0F1DFACED2005016C3 /* Embed App Extensions */,
			);
			buildRules = (
			);
			dependencies = (
				52B40F011DFACED2005016C3 /* PBXTargetDependency */,
			);
			name = "KO Watch App";
			productName = "MathKnockout Watch App";
			productReference = 52B40EEF1DFACED2005016C3 /* KO Watch App.app */;
			productType = "com.apple.product-type.application.watchapp2";
		};
		52B40EFD1DFACED2005016C3 /* KO WatchKit Extension */ = {
			isa = PBXNativeTarget;
			buildConfigurationList = 52B40F0C1DFACED2005016C3 /* Build configuration list for PBXNativeTarget "KO WatchKit Extension" */;
			buildPhases = (
				52B40EFA1DFACED2005016C3 /* Sources */,
				52B40EFB1DFACED2005016C3 /* Frameworks */,
				52B40EFC1DFACED2005016C3 /* Resources */,
				52F8D5451E5DC63700C8F404 /* Embed Frameworks */,
			);
			buildRules = (
			);
			dependencies = (
			);
			name = "KO WatchKit Extension";
			productName = "MathKnockout Watch Extension";
			productReference = 52B40EFE1DFACED2005016C3 /* KO WatchKit Extension.appex */;
			productType = "com.apple.product-type.watchkit2-extension";
		};
/* End PBXNativeTarget section */

/* Begin PBXProject section */
		52B40ED51DFACED2005016C3 /* Project object */ = {
			isa = PBXProject;
			attributes = {
				LastSwiftUpdateCheck = 0810;
				LastUpgradeCheck = 1030;
				ORGANIZATIONNAME = "Tim Johnson";
				TargetAttributes = {
					52B40EDC1DFACED2005016C3 = {
						CreatedOnToolsVersion = 8.1;
						LastSwiftMigration = 0900;
						SystemCapabilities = {
							com.apple.ApplicationGroups.iOS = {
								enabled = 0;
							};
						};
					};
					52B40EEE1DFACED2005016C3 = {
						CreatedOnToolsVersion = 8.1;
						LastSwiftMigration = 0900;
						ProvisioningStyle = Automatic;
					};
					52B40EFD1DFACED2005016C3 = {
						CreatedOnToolsVersion = 8.1;
						LastSwiftMigration = 0900;
					};
				};
			};
			buildConfigurationList = 52B40ED81DFACED2005016C3 /* Build configuration list for PBXProject "KO" */;
			compatibilityVersion = "Xcode 8.0";
			developmentRegion = en;
			hasScannedForEncodings = 0;
			knownRegions = (
				en,
				Base,
			);
			mainGroup = 52B40ED41DFACED2005016C3;
			packageReferences = (
				34B55FB22EDA5DEF00A9BD51 /* XCRemoteSwiftPackageReference "DDMathParser" */,
			);
			productRefGroup = 52B40EDE1DFACED2005016C3 /* Products */;
			projectDirPath = "";
			projectRoot = "";
			targets = (
				52B40EDC1DFACED2005016C3 /* KO iOS */,
				52B40EEE1DFACED2005016C3 /* KO Watch App */,
				52B40EFD1DFACED2005016C3 /* KO WatchKit Extension */,
			);
		};
/* End PBXProject section */

/* Begin PBXResourcesBuildPhase section */
		52B40EDB1DFACED2005016C3 /* Resources */ = {
			isa = PBXResourcesBuildPhase;
			buildActionMask = 2147483647;
			files = (
				34B55FC12EDC9FAB00A9BD51 /* PrivacyInfo.xcprivacy in Resources */,
				52B40EEB1DFACED2005016C3 /* LaunchScreen.storyboard in Resources */,
				52B40EE81DFACED2005016C3 /* Assets.xcassets in Resources */,
				52B40EE61DFACED2005016C3 /* Main.storyboard in Resources */,
			);
			runOnlyForDeploymentPostprocessing = 0;
		};
		52B40EED1DFACED2005016C3 /* Resources */ = {
			isa = PBXResourcesBuildPhase;
			buildActionMask = 2147483647;
			files = (
				34B55FC32EDC9FD000A9BD51 /* PrivacyInfo.xcprivacy in Resources */,
				52B40EF81DFACED2005016C3 /* Assets.xcassets in Resources */,
				52B40EF61DFACED2005016C3 /* Interface.storyboard in Resources */,
			);
			runOnlyForDeploymentPostprocessing = 0;
		};
		52B40EFC1DFACED2005016C3 /* Resources */ = {
			isa = PBXResourcesBuildPhase;
			buildActionMask = 2147483647;
			files = (
				34B55FC52EDCA02000A9BD51 /* PrivacyInfo.xcprivacy in Resources */,
				52B40F081DFACED2005016C3 /* Assets.xcassets in Resources */,
			);
			runOnlyForDeploymentPostprocessing = 0;
		};
/* End PBXResourcesBuildPhase section */

/* Begin PBXSourcesBuildPhase section */
		52B40ED91DFACED2005016C3 /* Sources */ = {
			isa = PBXSourcesBuildPhase;
			buildActionMask = 2147483647;
			files = (
				52EBE9771E33B35C008F19A7 /* ChooseFourViewController.swift in Sources */,
				52202EE31E33FCE60065E59A /* GameEngine.swift in Sources */,
				526B08AD1E6ED56400D26232 /* WonViewController.swift in Sources */,
				52B40EE31DFACED2005016C3 /* SplashScreenViewController.swift in Sources */,
				52202EE11E33F2150065E59A /* HowToKnockOutViewController.swift in Sources */,
				52B40EE11DFACED2005016C3 /* AppDelegate.swift in Sources */,
				52202EDE1E33F0490065E59A /* BoardViewController.swift in Sources */,
			);
			runOnlyForDeploymentPostprocessing = 0;
		};
		52B40EFA1DFACED2005016C3 /* Sources */ = {
			isa = PBXSourcesBuildPhase;
			buildActionMask = 2147483647;
			files = (
				52B40F061DFACED2005016C3 /* ExtensionDelegate.swift in Sources */,
				526024171DFAE003005379C4 /* ChooseFourInterfaceController.swift in Sources */,
				528C49B41E3FA031004DA88E /* GameEngine.swift in Sources */,
				526024191DFAE29B005379C4 /* HowToKnockOutInterfaceController.swift in Sources */,
				529B5CF81E70646400AEE4F4 /* WonInterfaceController.swift in Sources */,
				526024151DFADFFC005379C4 /* BoardInterfaceController.swift in Sources */,
				526024131DFADFEA005379C4 /* SplashScreenInterfaceController.swift in Sources */,
			);
			runOnlyForDeploymentPostprocessing = 0;
		};
/* End PBXSourcesBuildPhase section */

/* Begin PBXTargetDependency section */
		34B55FBD2EDA6D1D00A9BD51 /* PBXTargetDependency */ = {
			isa = PBXTargetDependency;
			target = 52B40EEE1DFACED2005016C3 /* KO Watch App */;
			targetProxy = 34B55FBC2EDA6D1D00A9BD51 /* PBXContainerItemProxy */;
		};
		34B55FBF2EDA6D2300A9BD51 /* PBXTargetDependency */ = {
			isa = PBXTargetDependency;
			target = 52B40EFD1DFACED2005016C3 /* KO WatchKit Extension */;
			targetProxy = 34B55FBE2EDA6D2300A9BD51 /* PBXContainerItemProxy */;
		};
		52B40F011DFACED2005016C3 /* PBXTargetDependency */ = {
			isa = PBXTargetDependency;
			target = 52B40EFD1DFACED2005016C3 /* KO WatchKit Extension */;
			targetProxy = 52B40F001DFACED2005016C3 /* PBXContainerItemProxy */;
		};
/* End PBXTargetDependency section */

/* Begin PBXVariantGroup section */
		52B40EE41DFACED2005016C3 /* Main.storyboard */ = {
			isa = PBXVariantGroup;
			children = (
				52B40EE51DFACED2005016C3 /* Base */,
			);
			name = Main.storyboard;
			sourceTree = "<group>";
		};
		52B40EE91DFACED2005016C3 /* LaunchScreen.storyboard */ = {
			isa = PBXVariantGroup;
			children = (
				52B40EEA1DFACED2005016C3 /* Base */,
			);
			name = LaunchScreen.storyboard;
			sourceTree = "<group>";
		};
		52B40EF41DFACED2005016C3 /* Interface.storyboard */ = {
			isa = PBXVariantGroup;
			children = (
				52B40EF51DFACED2005016C3 /* Base */,
			);
			name = Interface.storyboard;
			sourceTree = "<group>";
		};
/* End PBXVariantGroup section */

/* Begin XCBuildConfiguration section */
		52B40F0A1DFACED2005016C3 /* Debug */ = {
			isa = XCBuildConfiguration;
			buildSettings = {
				ALWAYS_SEARCH_USER_PATHS = NO;
				CLANG_ANALYZER_LOCALIZABILITY_NONLOCALIZED = YES;
				CLANG_ANALYZER_NONNULL = YES;
				CLANG_CXX_LANGUAGE_STANDARD = "gnu++0x";
				CLANG_CXX_LIBRARY = "libc++";
				CLANG_ENABLE_MODULES = YES;
				CLANG_ENABLE_OBJC_ARC = YES;
				CLANG_WARN_BLOCK_CAPTURE_AUTORELEASING = YES;
				CLANG_WARN_BOOL_CONVERSION = YES;
				CLANG_WARN_COMMA = YES;
				CLANG_WARN_CONSTANT_CONVERSION = YES;
				CLANG_WARN_DEPRECATED_OBJC_IMPLEMENTATIONS = YES;
				CLANG_WARN_DIRECT_OBJC_ISA_USAGE = YES_ERROR;
				CLANG_WARN_DOCUMENTATION_COMMENTS = YES;
				CLANG_WARN_EMPTY_BODY = YES;
				CLANG_WARN_ENUM_CONVERSION = YES;
				CLANG_WARN_INFINITE_RECURSION = YES;
				CLANG_WARN_INT_CONVERSION = YES;
				CLANG_WARN_NON_LITERAL_NULL_CONVERSION = YES;
				CLANG_WARN_OBJC_IMPLICIT_RETAIN_SELF = YES;
				CLANG_WARN_OBJC_LITERAL_CONVERSION = YES;
				CLANG_WARN_OBJC_ROOT_CLASS = YES_ERROR;
				CLANG_WARN_RANGE_LOOP_ANALYSIS = YES;
				CLANG_WARN_STRICT_PROTOTYPES = YES;
				CLANG_WARN_SUSPICIOUS_MOVE = YES;
				CLANG_WARN_SUSPICIOUS_MOVES = YES;
				CLANG_WARN_UNREACHABLE_CODE = YES;
				CLANG_WARN__DUPLICATE_METHOD_MATCH = YES;
				"CODE_SIGN_IDENTITY[sdk=iphoneos*]" = "iPhone Developer";
				COPY_PHASE_STRIP = NO;
				DEBUG_INFORMATION_FORMAT = "dwarf-with-dsym";
				ENABLE_STRICT_OBJC_MSGSEND = YES;
				ENABLE_TESTABILITY = YES;
				GCC_C_LANGUAGE_STANDARD = gnu99;
				GCC_DYNAMIC_NO_PIC = NO;
				GCC_NO_COMMON_BLOCKS = YES;
				GCC_OPTIMIZATION_LEVEL = 0;
				GCC_PREPROCESSOR_DEFINITIONS = (
					"DEBUG=1",
					"$(inherited)",
				);
				GCC_WARN_64_TO_32_BIT_CONVERSION = YES;
				GCC_WARN_ABOUT_RETURN_TYPE = YES_ERROR;
				GCC_WARN_UNDECLARED_SELECTOR = YES;
				GCC_WARN_UNINITIALIZED_AUTOS = YES_AGGRESSIVE;
				GCC_WARN_UNUSED_FUNCTION = YES;
				GCC_WARN_UNUSED_VARIABLE = YES;
				MTL_ENABLE_DEBUG_INFO = YES;
				ONLY_ACTIVE_ARCH = YES;
				PRODUCT_BUNDLE_IDENTIFIER = com.HeartCaveWorks.MathKnockout;
				SDKROOT = iphoneos;
				SWIFT_ACTIVE_COMPILATION_CONDITIONS = DEBUG;
				SWIFT_OPTIMIZATION_LEVEL = "-Onone";
				SWIFT_VERSION = 4.0;
			};
			name = Debug;
		};
		52B40F0B1DFACED2005016C3 /* Release */ = {
			isa = XCBuildConfiguration;
			buildSettings = {
				ALWAYS_SEARCH_USER_PATHS = NO;
				CLANG_ANALYZER_LOCALIZABILITY_NONLOCALIZED = YES;
				CLANG_ANALYZER_NONNULL = YES;
				CLANG_CXX_LANGUAGE_STANDARD = "gnu++0x";
				CLANG_CXX_LIBRARY = "libc++";
				CLANG_ENABLE_MODULES = YES;
				CLANG_ENABLE_OBJC_ARC = YES;
				CLANG_WARN_BLOCK_CAPTURE_AUTORELEASING = YES;
				CLANG_WARN_BOOL_CONVERSION = YES;
				CLANG_WARN_COMMA = YES;
				CLANG_WARN_CONSTANT_CONVERSION = YES;
				CLANG_WARN_DEPRECATED_OBJC_IMPLEMENTATIONS = YES;
				CLANG_WARN_DIRECT_OBJC_ISA_USAGE = YES_ERROR;
				CLANG_WARN_DOCUMENTATION_COMMENTS = YES;
				CLANG_WARN_EMPTY_BODY = YES;
				CLANG_WARN_ENUM_CONVERSION = YES;
				CLANG_WARN_INFINITE_RECURSION = YES;
				CLANG_WARN_INT_CONVERSION = YES;
				CLANG_WARN_NON_LITERAL_NULL_CONVERSION = YES;
				CLANG_WARN_OBJC_IMPLICIT_RETAIN_SELF = YES;
				CLANG_WARN_OBJC_LITERAL_CONVERSION = YES;
				CLANG_WARN_OBJC_ROOT_CLASS = YES_ERROR;
				CLANG_WARN_RANGE_LOOP_ANALYSIS = YES;
				CLANG_WARN_STRICT_PROTOTYPES = YES;
				CLANG_WARN_SUSPICIOUS_MOVE = YES;
				CLANG_WARN_SUSPICIOUS_MOVES = YES;
				CLANG_WARN_UNREACHABLE_CODE = YES;
				CLANG_WARN__DUPLICATE_METHOD_MATCH = YES;
				"CODE_SIGN_IDENTITY[sdk=iphoneos*]" = "iPhone Developer";
				COPY_PHASE_STRIP = NO;
				DEBUG_INFORMATION_FORMAT = "dwarf-with-dsym";
				ENABLE_NS_ASSERTIONS = NO;
				ENABLE_STRICT_OBJC_MSGSEND = YES;
				GCC_C_LANGUAGE_STANDARD = gnu99;
				GCC_NO_COMMON_BLOCKS = YES;
				GCC_WARN_64_TO_32_BIT_CONVERSION = YES;
				GCC_WARN_ABOUT_RETURN_TYPE = YES_ERROR;
				GCC_WARN_UNDECLARED_SELECTOR = YES;
				GCC_WARN_UNINITIALIZED_AUTOS = YES_AGGRESSIVE;
				GCC_WARN_UNUSED_FUNCTION = YES;
				GCC_WARN_UNUSED_VARIABLE = YES;
				MTL_ENABLE_DEBUG_INFO = NO;
				PRODUCT_BUNDLE_IDENTIFIER = com.HeartCaveWorks.MathKnockout;
				SDKROOT = iphoneos;
				SWIFT_COMPILATION_MODE = wholemodule;
				SWIFT_OPTIMIZATION_LEVEL = "-O";
				SWIFT_VERSION = 4.0;
				VALIDATE_PRODUCT = YES;
			};
			name = Release;
		};
		52B40F0D1DFACED2005016C3 /* Debug */ = {
			isa = XCBuildConfiguration;
			buildSettings = {
				ASSETCATALOG_COMPILER_COMPLICATION_NAME = "";
				CODE_SIGN_IDENTITY = "Apple Development";
				CODE_SIGN_STYLE = Automatic;
				DEBUG_INFORMATION_FORMAT = "dwarf-with-dsym";
				DEVELOPMENT_TEAM = WEALMB79XU;
				INFOPLIST_FILE = "NoNotif WatchKit Extension/Info.plist";
				LD_RUNPATH_SEARCH_PATHS = (
					"$(inherited)",
					"@executable_path/Frameworks",
					"@executable_path/../../Frameworks",
				);
				PRODUCT_BUNDLE_IDENTIFIER = com.HeartCaveWorks.MathKnockout.watchkitapp.watchkitextension;
				PRODUCT_NAME = "${TARGET_NAME}";
				PROVISIONING_PROFILE_SPECIFIER = "";
				SDKROOT = watchos;
				SKIP_INSTALL = YES;
				SWIFT_SWIFT3_OBJC_INFERENCE = Default;
				SWIFT_VERSION = 4.0;
				TARGETED_DEVICE_FAMILY = 4;
			};
			name = Debug;
		};
		52B40F0E1DFACED2005016C3 /* Release */ = {
			isa = XCBuildConfiguration;
			buildSettings = {
				ASSETCATALOG_COMPILER_COMPLICATION_NAME = "";
				CODE_SIGN_IDENTITY = "Apple Development";
				CODE_SIGN_STYLE = Automatic;
				DEVELOPMENT_TEAM = WEALMB79XU;
				INFOPLIST_FILE = "NoNotif WatchKit Extension/Info.plist";
				LD_RUNPATH_SEARCH_PATHS = (
					"$(inherited)",
					"@executable_path/Frameworks",
					"@executable_path/../../Frameworks",
				);
				PRODUCT_BUNDLE_IDENTIFIER = com.HeartCaveWorks.MathKnockout.watchkitapp.watchkitextension;
				PRODUCT_NAME = "${TARGET_NAME}";
				PROVISIONING_PROFILE_SPECIFIER = "";
				SDKROOT = watchos;
				SKIP_INSTALL = YES;
				SWIFT_SWIFT3_OBJC_INFERENCE = Default;
				SWIFT_VERSION = 4.0;
				TARGETED_DEVICE_FAMILY = 4;
			};
			name = Release;
		};
		52B40F111DFACED2005016C3 /* Debug */ = {
			isa = XCBuildConfiguration;
			buildSettings = {
				ALWAYS_EMBED_SWIFT_STANDARD_LIBRARIES = YES;
				ASSETCATALOG_COMPILER_APPICON_NAME = AppIcon;
				DEBUG_INFORMATION_FORMAT = "dwarf-with-dsym";
				DEVELOPMENT_TEAM = WEALMB79XU;
				IBSC_MODULE = KO_WatchKit_Extension;
				INFOPLIST_FILE = "NoNotif WatchKit App/Info.plist";
				PRODUCT_BUNDLE_IDENTIFIER = com.HeartCaveWorks.MathKnockout.watchkitapp;
				PRODUCT_NAME = "$(TARGET_NAME)";
				SDKROOT = watchos;
				SKIP_INSTALL = YES;
				SWIFT_SWIFT3_OBJC_INFERENCE = Default;
				SWIFT_VERSION = 4.0;
				TARGETED_DEVICE_FAMILY = 4;
			};
			name = Debug;
		};
		52B40F121DFACED2005016C3 /* Release */ = {
			isa = XCBuildConfiguration;
			buildSettings = {
				ALWAYS_EMBED_SWIFT_STANDARD_LIBRARIES = YES;
				ASSETCATALOG_COMPILER_APPICON_NAME = AppIcon;
				DEVELOPMENT_TEAM = WEALMB79XU;
				IBSC_MODULE = KO_WatchKit_Extension;
				INFOPLIST_FILE = "NoNotif WatchKit App/Info.plist";
				PRODUCT_BUNDLE_IDENTIFIER = com.HeartCaveWorks.MathKnockout.watchkitapp;
				PRODUCT_NAME = "$(TARGET_NAME)";
				SDKROOT = watchos;
				SKIP_INSTALL = YES;
				SWIFT_SWIFT3_OBJC_INFERENCE = Default;
				SWIFT_VERSION = 4.0;
				TARGETED_DEVICE_FAMILY = 4;
			};
			name = Release;
		};
		52B40F151DFACED2005016C3 /* Debug */ = {
			isa = XCBuildConfiguration;
			buildSettings = {
				ASSETCATALOG_COMPILER_APPICON_NAME = AppIcon;
				CODE_SIGN_IDENTITY = "Apple Development";
				CODE_SIGN_STYLE = Automatic;
				DEBUG_INFORMATION_FORMAT = "dwarf-with-dsym";
				DEVELOPMENT_TEAM = WEALMB79XU;
				ENABLE_BITCODE = NO;
				FRAMEWORK_SEARCH_PATHS = (
					"$(inherited)",
					"$(PROJECT_DIR)",
				);
				INFOPLIST_FILE = NoNotif/Info.plist;
				INFOPLIST_KEY_LSApplicationCategoryType = "public.app-category.educational-games";
				LD_RUNPATH_SEARCH_PATHS = (
					"$(inherited)",
					"@executable_path/Frameworks",
				);
				PRODUCT_BUNDLE_IDENTIFIER = com.HeartCaveWorks.MathKnockout;
				PRODUCT_NAME = "$(TARGET_NAME)";
				PROVISIONING_PROFILE_SPECIFIER = "";
				SWIFT_SWIFT3_OBJC_INFERENCE = Default;
				SWIFT_VERSION = 4.0;
			};
			name = Debug;
		};
		52B40F161DFACED2005016C3 /* Release */ = {
			isa = XCBuildConfiguration;
			buildSettings = {
				ASSETCATALOG_COMPILER_APPICON_NAME = AppIcon;
				CODE_SIGN_IDENTITY = "Apple Development";
				CODE_SIGN_STYLE = Automatic;
				DEVELOPMENT_TEAM = WEALMB79XU;
				ENABLE_BITCODE = NO;
				FRAMEWORK_SEARCH_PATHS = (
					"$(inherited)",
					"$(PROJECT_DIR)",
				);
				INFOPLIST_FILE = NoNotif/Info.plist;
				INFOPLIST_KEY_LSApplicationCategoryType = "public.app-category.educational-games";
				LD_RUNPATH_SEARCH_PATHS = (
					"$(inherited)",
					"@executable_path/Frameworks",
				);
				PRODUCT_BUNDLE_IDENTIFIER = com.HeartCaveWorks.MathKnockout;
				PRODUCT_NAME = "$(TARGET_NAME)";
				PROVISIONING_PROFILE_SPECIFIER = "";
				SWIFT_SWIFT3_OBJC_INFERENCE = Default;
				SWIFT_VERSION = 4.0;
			};
			name = Release;
		};
/* End XCBuildConfiguration section */

/* Begin XCConfigurationList section */
		52B40ED81DFACED2005016C3 /* Build configuration list for PBXProject "KO" */ = {
			isa = XCConfigurationList;
			buildConfigurations = (
				52B40F0A1DFACED2005016C3 /* Debug */,
				52B40F0B1DFACED2005016C3 /* Release */,
			);
			defaultConfigurationIsVisible = 0;
			defaultConfigurationName = Release;
		};
		52B40F0C1DFACED2005016C3 /* Build configuration list for PBXNativeTarget "KO WatchKit Extension" */ = {
			isa = XCConfigurationList;
			buildConfigurations = (
				52B40F0D1DFACED2005016C3 /* Debug */,
				52B40F0E1DFACED2005016C3 /* Release */,
			);
			defaultConfigurationIsVisible = 0;
			defaultConfigurationName = Release;
		};
		52B40F101DFACED2005016C3 /* Build configuration list for PBXNativeTarget "KO Watch App" */ = {
			isa = XCConfigurationList;
			buildConfigurations = (
				52B40F111DFACED2005016C3 /* Debug */,
				52B40F121DFACED2005016C3 /* Release */,
			);
			defaultConfigurationIsVisible = 0;
			defaultConfigurationName = Release;
		};
		52B40F141DFACED2005016C3 /* Build configuration list for PBXNativeTarget "KO iOS" */ = {
			isa = XCConfigurationList;
			buildConfigurations = (
				52B40F151DFACED2005016C3 /* Debug */,
				52B40F161DFACED2005016C3 /* Release */,
			);
			defaultConfigurationIsVisible = 0;
			defaultConfigurationName = Release;
		};
/* End XCConfigurationList section */

/* Begin XCRemoteSwiftPackageReference section */
		34B55FB22EDA5DEF00A9BD51 /* XCRemoteSwiftPackageReference "DDMathParser" */ = {
			isa = XCRemoteSwiftPackageReference;
			repositoryURL = "https://github.com/davedelong/DDMathParser.git";
			requirement = {
				kind = upToNextMajorVersion;
				minimumVersion = 3.1.0;
			};
		};
/* End XCRemoteSwiftPackageReference section */

/* Begin XCSwiftPackageProductDependency section */
		34B55FB32EDA5DEF00A9BD51 /* MathParser */ = {
			isa = XCSwiftPackageProductDependency;
			package = 34B55FB22EDA5DEF00A9BD51 /* XCRemoteSwiftPackageReference "DDMathParser" */;
			productName = MathParser;
		};
		34B55FBA2EDA654E00A9BD51 /* MathParser */ = {
			isa = XCSwiftPackageProductDependency;
			package = 34B55FB22EDA5DEF00A9BD51 /* XCRemoteSwiftPackageReference "DDMathParser" */;
			productName = MathParser;
		};
/* End XCSwiftPackageProductDependency section */
	};
	rootObject = 52B40ED51DFACED2005016C3 /* Project object */;
}
