// !$*UTF8*$!
{
	archiveVersion = 1;
	classes = {
	};
	objectVersion = 48;
	objects = {

/* Begin PBXBuildFile section */
		5213BE801F7425B50090E23C /* Character.swift in Sources */ = {isa = PBXBuildFile; fileRef = 5213BE5A1F7424DE0090E23C /* Character.swift */; };
		5213BE811F7425B50090E23C /* Double.swift in Sources */ = {isa = PBXBuildFile; fileRef = 5213BE631F7424DF0090E23C /* Double.swift */; };
		5213BE821F7425B50090E23C /* DynamicResolution.swift in Sources */ = {isa = PBXBuildFile; fileRef = 5213BE7B1F7424E10090E23C /* DynamicResolution.swift */; };
		5213BE831F7425B50090E23C /* Either.swift in Sources */ = {isa = PBXBuildFile; fileRef = 5213BE7F1F7424E10090E23C /* Either.swift */; };
		5213BE841F7425B50090E23C /* Evaluator.swift in Sources */ = {isa = PBXBuildFile; fileRef = 5213BE661F7424DF0090E23C /* Evaluator.swift */; };
		5213BE851F7425B50090E23C /* ExponentExtractor.swift in Sources */ = {isa = PBXBuildFile; fileRef = 5213BE7E1F7424E10090E23C /* ExponentExtractor.swift */; };
		5213BE861F7425B50090E23C /* Expression.swift in Sources */ = {isa = PBXBuildFile; fileRef = 5213BE691F7424DF0090E23C /* Expression.swift */; };
		5213BE871F7425B50090E23C /* Expressionizer.swift in Sources */ = {isa = PBXBuildFile; fileRef = 5213BE721F7424E00090E23C /* Expressionizer.swift */; };
		5213BE881F7425B50090E23C /* ExpressionRewriter.swift in Sources */ = {isa = PBXBuildFile; fileRef = 5213BE681F7424DF0090E23C /* ExpressionRewriter.swift */; };
		5213BE891F7425B50090E23C /* Function.swift in Sources */ = {isa = PBXBuildFile; fileRef = 5213BE6C1F7424DF0090E23C /* Function.swift */; };
		5213BE8A1F7425B50090E23C /* Functions+Defaults.swift in Sources */ = {isa = PBXBuildFile; fileRef = 5213BE5B1F7424DE0090E23C /* Functions+Defaults.swift */; };
		5213BE8B1F7425B50090E23C /* FunctionSet.swift in Sources */ = {isa = PBXBuildFile; fileRef = 5213BE701F7424E00090E23C /* FunctionSet.swift */; };
		5213BE8C1F7425B50090E23C /* GroupedToken.swift in Sources */ = {isa = PBXBuildFile; fileRef = 5213BE5C1F7424DE0090E23C /* GroupedToken.swift */; };
		5213BE8D1F7425B50090E23C /* HexNumberExtractor.swift in Sources */ = {isa = PBXBuildFile; fileRef = 5213BE711F7424E00090E23C /* HexNumberExtractor.swift */; };
		5213BE8E1F7425B50090E23C /* IdentifierExtractor.swift in Sources */ = {isa = PBXBuildFile; fileRef = 5213BE7D1F7424E10090E23C /* IdentifierExtractor.swift */; };
		5213BE8F1F7425B50090E23C /* LocalizedNumberExtractor.swift in Sources */ = {isa = PBXBuildFile; fileRef = 5213BE5D1F7424DE0090E23C /* LocalizedNumberExtractor.swift */; };
		5213BE901F7425B50090E23C /* MathParserErrors.swift in Sources */ = {isa = PBXBuildFile; fileRef = 5213BE6A1F7424DF0090E23C /* MathParserErrors.swift */; };
		5213BE911F7425B50090E23C /* NumberExtractor.swift in Sources */ = {isa = PBXBuildFile; fileRef = 5213BE751F7424E00090E23C /* NumberExtractor.swift */; };
		5213BE921F7425B50090E23C /* OctalNumberExtractor.swift in Sources */ = {isa = PBXBuildFile; fileRef = 5213BE641F7424DF0090E23C /* OctalNumberExtractor.swift */; };
		5213BE931F7425B50090E23C /* Operator.swift in Sources */ = {isa = PBXBuildFile; fileRef = 5213BE621F7424DF0090E23C /* Operator.swift */; };
		5213BE941F7425B50090E23C /* Operator+Defaults.swift in Sources */ = {isa = PBXBuildFile; fileRef = 5213BE651F7424DF0090E23C /* Operator+Defaults.swift */; };
		5213BE951F7425B50090E23C /* OperatorExtractor.swift in Sources */ = {isa = PBXBuildFile; fileRef = 5213BE731F7424E00090E23C /* OperatorExtractor.swift */; };
		5213BE961F7425B50090E23C /* OperatorSet.swift in Sources */ = {isa = PBXBuildFile; fileRef = 5213BE581F7424DE0090E23C /* OperatorSet.swift */; };
		5213BE971F7425B50090E23C /* OperatorTokenSet.swift in Sources */ = {isa = PBXBuildFile; fileRef = 5213BE781F7424E10090E23C /* OperatorTokenSet.swift */; };
		5213BE981F7425B50090E23C /* PeekingIterator.swift in Sources */ = {isa = PBXBuildFile; fileRef = 5213BE741F7424E00090E23C /* PeekingIterator.swift */; };
		5213BE991F7425B50090E23C /* QuotedVariableExtractor.swift in Sources */ = {isa = PBXBuildFile; fileRef = 5213BE6D1F7424DF0090E23C /* QuotedVariableExtractor.swift */; };
		5213BE9A1F7425B50090E23C /* RawToken.swift in Sources */ = {isa = PBXBuildFile; fileRef = 5213BE791F7424E10090E23C /* RawToken.swift */; };
		5213BE9B1F7425B50090E23C /* ResolvedToken.swift in Sources */ = {isa = PBXBuildFile; fileRef = 5213BE5F1F7424DF0090E23C /* ResolvedToken.swift */; };
		5213BE9C1F7425B50090E23C /* RewriteRule.swift in Sources */ = {isa = PBXBuildFile; fileRef = 5213BE601F7424DF0090E23C /* RewriteRule.swift */; };
		5213BE9D1F7425B50090E23C /* RewriteRule+Defaults.swift in Sources */ = {isa = PBXBuildFile; fileRef = 5213BE611F7424DF0090E23C /* RewriteRule+Defaults.swift */; };
		5213BE9E1F7425B50090E23C /* SpecialNumberExtractor.swift in Sources */ = {isa = PBXBuildFile; fileRef = 5213BE771F7424E10090E23C /* SpecialNumberExtractor.swift */; };
		5213BE9F1F7425B50090E23C /* String.swift in Sources */ = {isa = PBXBuildFile; fileRef = 5213BE591F7424DE0090E23C /* String.swift */; };
		5213BEA01F7425B50090E23C /* SubstitutionExtensions.swift in Sources */ = {isa = PBXBuildFile; fileRef = 5213BE7A1F7424E10090E23C /* SubstitutionExtensions.swift */; };
		5213BEA11F7425B50090E23C /* TokenCharacterBuffer.swift in Sources */ = {isa = PBXBuildFile; fileRef = 5213BE5E1F7424DF0090E23C /* TokenCharacterBuffer.swift */; };
		5213BEA21F7425B50090E23C /* TokenExtractor.swift in Sources */ = {isa = PBXBuildFile; fileRef = 5213BE6B1F7424DF0090E23C /* TokenExtractor.swift */; };
		5213BEA31F7425B50090E23C /* TokenGrouper.swift in Sources */ = {isa = PBXBuildFile; fileRef = 5213BE7C1F7424E10090E23C /* TokenGrouper.swift */; };
		5213BEA41F7425B50090E23C /* TokenIterator.swift in Sources */ = {isa = PBXBuildFile; fileRef = 5213BE671F7424DF0090E23C /* TokenIterator.swift */; };
		5213BEA51F7425B50090E23C /* Tokenizer.swift in Sources */ = {isa = PBXBuildFile; fileRef = 5213BE6F1F7424E00090E23C /* Tokenizer.swift */; };
		5213BEA61F7425B50090E23C /* TokenResolver.swift in Sources */ = {isa = PBXBuildFile; fileRef = 5213BE6E1F7424DF0090E23C /* TokenResolver.swift */; };
		5213BEA71F7425B50090E23C /* VariableExtractor.swift in Sources */ = {isa = PBXBuildFile; fileRef = 5213BE761F7424E00090E23C /* VariableExtractor.swift */; };
		5213BEA81F7425B60090E23C /* Character.swift in Sources */ = {isa = PBXBuildFile; fileRef = 5213BE5A1F7424DE0090E23C /* Character.swift */; };
		5213BEA91F7425B60090E23C /* Double.swift in Sources */ = {isa = PBXBuildFile; fileRef = 5213BE631F7424DF0090E23C /* Double.swift */; };
		5213BEAA1F7425B60090E23C /* DynamicResolution.swift in Sources */ = {isa = PBXBuildFile; fileRef = 5213BE7B1F7424E10090E23C /* DynamicResolution.swift */; };
		5213BEAB1F7425B60090E23C /* Either.swift in Sources */ = {isa = PBXBuildFile; fileRef = 5213BE7F1F7424E10090E23C /* Either.swift */; };
		5213BEAC1F7425B60090E23C /* Evaluator.swift in Sources */ = {isa = PBXBuildFile; fileRef = 5213BE661F7424DF0090E23C /* Evaluator.swift */; };
		5213BEAD1F7425B60090E23C /* ExponentExtractor.swift in Sources */ = {isa = PBXBuildFile; fileRef = 5213BE7E1F7424E10090E23C /* ExponentExtractor.swift */; };
		5213BEAE1F7425B60090E23C /* Expression.swift in Sources */ = {isa = PBXBuildFile; fileRef = 5213BE691F7424DF0090E23C /* Expression.swift */; };
		5213BEAF1F7425B60090E23C /* Expressionizer.swift in Sources */ = {isa = PBXBuildFile; fileRef = 5213BE721F7424E00090E23C /* Expressionizer.swift */; };
		5213BEB01F7425B60090E23C /* ExpressionRewriter.swift in Sources */ = {isa = PBXBuildFile; fileRef = 5213BE681F7424DF0090E23C /* ExpressionRewriter.swift */; };
		5213BEB11F7425B60090E23C /* Function.swift in Sources */ = {isa = PBXBuildFile; fileRef = 5213BE6C1F7424DF0090E23C /* Function.swift */; };
		5213BEB21F7425B60090E23C /* Functions+Defaults.swift in Sources */ = {isa = PBXBuildFile; fileRef = 5213BE5B1F7424DE0090E23C /* Functions+Defaults.swift */; };
		5213BEB31F7425B60090E23C /* FunctionSet.swift in Sources */ = {isa = PBXBuildFile; fileRef = 5213BE701F7424E00090E23C /* FunctionSet.swift */; };
		5213BEB41F7425B60090E23C /* GroupedToken.swift in Sources */ = {isa = PBXBuildFile; fileRef = 5213BE5C1F7424DE0090E23C /* GroupedToken.swift */; };
		5213BEB51F7425B60090E23C /* HexNumberExtractor.swift in Sources */ = {isa = PBXBuildFile; fileRef = 5213BE711F7424E00090E23C /* HexNumberExtractor.swift */; };
		5213BEB61F7425B60090E23C /* IdentifierExtractor.swift in Sources */ = {isa = PBXBuildFile; fileRef = 5213BE7D1F7424E10090E23C /* IdentifierExtractor.swift */; };
		5213BEB71F7425B60090E23C /* LocalizedNumberExtractor.swift in Sources */ = {isa = PBXBuildFile; fileRef = 5213BE5D1F7424DE0090E23C /* LocalizedNumberExtractor.swift */; };
		5213BEB81F7425B60090E23C /* MathParserErrors.swift in Sources */ = {isa = PBXBuildFile; fileRef = 5213BE6A1F7424DF0090E23C /* MathParserErrors.swift */; };
		5213BEB91F7425B60090E23C /* NumberExtractor.swift in Sources */ = {isa = PBXBuildFile; fileRef = 5213BE751F7424E00090E23C /* NumberExtractor.swift */; };
		5213BEBA1F7425B60090E23C /* OctalNumberExtractor.swift in Sources */ = {isa = PBXBuildFile; fileRef = 5213BE641F7424DF0090E23C /* OctalNumberExtractor.swift */; };
		5213BEBB1F7425B60090E23C /* Operator.swift in Sources */ = {isa = PBXBuildFile; fileRef = 5213BE621F7424DF0090E23C /* Operator.swift */; };
		5213BEBC1F7425B60090E23C /* Operator+Defaults.swift in Sources */ = {isa = PBXBuildFile; fileRef = 5213BE651F7424DF0090E23C /* Operator+Defaults.swift */; };
		5213BEBD1F7425B60090E23C /* OperatorExtractor.swift in Sources */ = {isa = PBXBuildFile; fileRef = 5213BE731F7424E00090E23C /* OperatorExtractor.swift */; };
		5213BEBE1F7425B60090E23C /* OperatorSet.swift in Sources */ = {isa = PBXBuildFile; fileRef = 5213BE581F7424DE0090E23C /* OperatorSet.swift */; };
		5213BEBF1F7425B60090E23C /* OperatorTokenSet.swift in Sources */ = {isa = PBXBuildFile; fileRef = 5213BE781F7424E10090E23C /* OperatorTokenSet.swift */; };
		5213BEC01F7425B60090E23C /* PeekingIterator.swift in Sources */ = {isa = PBXBuildFile; fileRef = 5213BE741F7424E00090E23C /* PeekingIterator.swift */; };
		5213BEC11F7425B60090E23C /* QuotedVariableExtractor.swift in Sources */ = {isa = PBXBuildFile; fileRef = 5213BE6D1F7424DF0090E23C /* QuotedVariableExtractor.swift */; };
		5213BEC21F7425B60090E23C /* RawToken.swift in Sources */ = {isa = PBXBuildFile; fileRef = 5213BE791F7424E10090E23C /* RawToken.swift */; };
		5213BEC31F7425B60090E23C /* ResolvedToken.swift in Sources */ = {isa = PBXBuildFile; fileRef = 5213BE5F1F7424DF0090E23C /* ResolvedToken.swift */; };
		5213BEC41F7425B60090E23C /* RewriteRule.swift in Sources */ = {isa = PBXBuildFile; fileRef = 5213BE601F7424DF0090E23C /* RewriteRule.swift */; };
		5213BEC51F7425B60090E23C /* RewriteRule+Defaults.swift in Sources */ = {isa = PBXBuildFile; fileRef = 5213BE611F7424DF0090E23C /* RewriteRule+Defaults.swift */; };
		5213BEC61F7425B60090E23C /* SpecialNumberExtractor.swift in Sources */ = {isa = PBXBuildFile; fileRef = 5213BE771F7424E10090E23C /* SpecialNumberExtractor.swift */; };
		5213BEC71F7425B60090E23C /* String.swift in Sources */ = {isa = PBXBuildFile; fileRef = 5213BE591F7424DE0090E23C /* String.swift */; };
		5213BEC81F7425B60090E23C /* SubstitutionExtensions.swift in Sources */ = {isa = PBXBuildFile; fileRef = 5213BE7A1F7424E10090E23C /* SubstitutionExtensions.swift */; };
		5213BEC91F7425B60090E23C /* TokenCharacterBuffer.swift in Sources */ = {isa = PBXBuildFile; fileRef = 5213BE5E1F7424DF0090E23C /* TokenCharacterBuffer.swift */; };
		5213BECA1F7425B60090E23C /* TokenExtractor.swift in Sources */ = {isa = PBXBuildFile; fileRef = 5213BE6B1F7424DF0090E23C /* TokenExtractor.swift */; };
		5213BECB1F7425B60090E23C /* TokenGrouper.swift in Sources */ = {isa = PBXBuildFile; fileRef = 5213BE7C1F7424E10090E23C /* TokenGrouper.swift */; };
		5213BECC1F7425B60090E23C /* TokenIterator.swift in Sources */ = {isa = PBXBuildFile; fileRef = 5213BE671F7424DF0090E23C /* TokenIterator.swift */; };
		5213BECD1F7425B60090E23C /* Tokenizer.swift in Sources */ = {isa = PBXBuildFile; fileRef = 5213BE6F1F7424E00090E23C /* Tokenizer.swift */; };
		5213BECE1F7425B60090E23C /* TokenResolver.swift in Sources */ = {isa = PBXBuildFile; fileRef = 5213BE6E1F7424DF0090E23C /* TokenResolver.swift */; };
		5213BECF1F7425B60090E23C /* VariableExtractor.swift in Sources */ = {isa = PBXBuildFile; fileRef = 5213BE761F7424E00090E23C /* VariableExtractor.swift */; };
		521BB6781E3FAB7C00024273 /* KO Watch App.app in Embed Watch Content */ = {isa = PBXBuildFile; fileRef = 52B40EEF1DFACED2005016C3 /* KO Watch App.app */; };
		52202EDE1E33F0490065E59A /* BoardViewController.swift in Sources */ = {isa = PBXBuildFile; fileRef = 52202EDD1E33F0490065E59A /* BoardViewController.swift */; };
		52202EE11E33F2150065E59A /* HowToKnockOutViewController.swift in Sources */ = {isa = PBXBuildFile; fileRef = 52202EE01E33F2150065E59A /* HowToKnockOutViewController.swift */; };
		52202EE31E33FCE60065E59A /* GameEngine.swift in Sources */ = {isa = PBXBuildFile; fileRef = 52202EE21E33FCE60065E59A /* GameEngine.swift */; };
		526024131DFADFEA005379C4 /* SplashScreenInterfaceController.swift in Sources */ = {isa = PBXBuildFile; fileRef = 526024121DFADFEA005379C4 /* SplashScreenInterfaceController.swift */; };
		526024151DFADFFC005379C4 /* BoardInterfaceController.swift in Sources */ = {isa = PBXBuildFile; fileRef = 526024141DFADFFC005379C4 /* BoardInterfaceController.swift */; };
		526024171DFAE003005379C4 /* ChooseFourInterfaceController.swift in Sources */ = {isa = PBXBuildFile; fileRef = 526024161DFAE003005379C4 /* ChooseFourInterfaceController.swift */; };
		526024191DFAE29B005379C4 /* HowToKnockOutInterfaceController.swift in Sources */ = {isa = PBXBuildFile; fileRef = 526024181DFAE29B005379C4 /* HowToKnockOutInterfaceController.swift */; };
		526B08AD1E6ED56400D26232 /* WonViewController.swift in Sources */ = {isa = PBXBuildFile; fileRef = 526B08AC1E6ED56400D26232 /* WonViewController.swift */; };
		528C49B41E3FA031004DA88E /* GameEngine.swift in Sources */ = {isa = PBXBuildFile; fileRef = 52202EE21E33FCE60065E59A /* GameEngine.swift */; };
		529B5CF81E70646400AEE4F4 /* WonInterfaceController.swift in Sources */ = {isa = PBXBuildFile; fileRef = 529B5CF71E70646400AEE4F4 /* WonInterfaceController.swift */; };
		52B40EE11DFACED2005016C3 /* AppDelegate.swift in Sources */ = {isa = PBXBuildFile; fileRef = 52B40EE01DFACED2005016C3 /* AppDelegate.swift */; };
		52B40EE31DFACED2005016C3 /* SplashScreenViewController.swift in Sources */ = {isa = PBXBuildFile; fileRef = 52B40EE21DFACED2005016C3 /* SplashScreenViewController.swift */; };
		52B40EE61DFACED2005016C3 /* Main.storyboard in Resources */ = {isa = PBXBuildFile; fileRef = 52B40EE41DFACED2005016C3 /* Main.storyboard */; };
		52B40EE81DFACED2005016C3 /* Assets.xcassets in Resources */ = {isa = PBXBuildFile; fileRef = 52B40EE71DFACED2005016C3 /* Assets.xcassets */; };
		52B40EEB1DFACED2005016C3 /* LaunchScreen.storyboard in Resources */ = {isa = PBXBuildFile; fileRef = 52B40EE91DFACED2005016C3 /* LaunchScreen.storyboard */; };
		52B40EF61DFACED2005016C3 /* Interface.storyboard in Resources */ = {isa = PBXBuildFile; fileRef = 52B40EF41DFACED2005016C3 /* Interface.storyboard */; };
		52B40EF81DFACED2005016C3 /* Assets.xcassets in Resources */ = {isa = PBXBuildFile; fileRef = 52B40EF71DFACED2005016C3 /* Assets.xcassets */; };
		52B40EFF1DFACED2005016C3 /* KO WatchKit Extension.appex in Embed App Extensions */ = {isa = PBXBuildFile; fileRef = 52B40EFE1DFACED2005016C3 /* KO WatchKit Extension.appex */; settings = {ATTRIBUTES = (RemoveHeadersOnCopy, ); }; };
		52B40F061DFACED2005016C3 /* ExtensionDelegate.swift in Sources */ = {isa = PBXBuildFile; fileRef = 52B40F051DFACED2005016C3 /* ExtensionDelegate.swift */; };
		52B40F081DFACED2005016C3 /* Assets.xcassets in Resources */ = {isa = PBXBuildFile; fileRef = 52B40F071DFACED2005016C3 /* Assets.xcassets */; };
		52EBE9771E33B35C008F19A7 /* ChooseFourViewController.swift in Sources */ = {isa = PBXBuildFile; fileRef = 52EBE9761E33B35C008F19A7 /* ChooseFourViewController.swift */; };
		52FAD4AE1EAAC4F3003B60BE /* Fabric.framework in Frameworks */ = {isa = PBXBuildFile; fileRef = 52FAD4AC1EAAC4F3003B60BE /* Fabric.framework */; };
		52FAD4AF1EAAC4F3003B60BE /* Crashlytics.framework in Frameworks */ = {isa = PBXBuildFile; fileRef = 52FAD4AD1EAAC4F3003B60BE /* Crashlytics.framework */; };
/* End PBXBuildFile section */

/* Begin PBXContainerItemProxy section */
		52B40F001DFACED2005016C3 /* PBXContainerItemProxy */ = {
			isa = PBXContainerItemProxy;
			containerPortal = 52B40ED51DFACED2005016C3 /* Project object */;
			proxyType = 1;
			remoteGlobalIDString = 52B40EFD1DFACED2005016C3;
			remoteInfo = "NoNotif WatchKit Extension";
		};
		52CE22441F74118C008E2F0B /* PBXContainerItemProxy */ = {
			isa = PBXContainerItemProxy;
			containerPortal = 52B40ED51DFACED2005016C3 /* Project object */;
			proxyType = 1;
			remoteGlobalIDString = 52B40EEE1DFACED2005016C3;
			remoteInfo = "KO Watch App";
		};
/* End PBXContainerItemProxy section */

/* Begin PBXCopyFilesBuildPhase section */
		5227BBBF1E5F100300A40306 /* CopyFiles */ = {
			isa = PBXCopyFilesBuildPhase;
			buildActionMask = 2147483647;
			dstPath = "";
			dstSubfolderSpec = 10;
			files = (
			);
			runOnlyForDeploymentPostprocessing = 0;
		};
		52B40F0F1DFACED2005016C3 /* Embed App Extensions */ = {
			isa = PBXCopyFilesBuildPhase;
			buildActionMask = 2147483647;
			dstPath = "";
			dstSubfolderSpec = 13;
			files = (
				52B40EFF1DFACED2005016C3 /* KO WatchKit Extension.appex in Embed App Extensions */,
			);
			name = "Embed App Extensions";
			runOnlyForDeploymentPostprocessing = 0;
		};
		52B40F131DFACED2005016C3 /* Embed Watch Content */ = {
			isa = PBXCopyFilesBuildPhase;
			buildActionMask = 2147483647;
			dstPath = "$(CONTENTS_FOLDER_PATH)/Watch";
			dstSubfolderSpec = 16;
			files = (
				521BB6781E3FAB7C00024273 /* KO Watch App.app in Embed Watch Content */,
			);
			name = "Embed Watch Content";
			runOnlyForDeploymentPostprocessing = 0;
		};
		52F8D5451E5DC63700C8F404 /* Embed Frameworks */ = {
			isa = PBXCopyFilesBuildPhase;
			buildActionMask = 2147483647;
			dstPath = "";
			dstSubfolderSpec = 10;
			files = (
			);
			name = "Embed Frameworks";
			runOnlyForDeploymentPostprocessing = 0;
		};
/* End PBXCopyFilesBuildPhase section */

/* Begin PBXFileReference section */
		5213BE581F7424DE0090E23C /* OperatorSet.swift */ = {isa = PBXFileReference; lastKnownFileType = sourcecode.swift; name = OperatorSet.swift; path = Vendor/DDMathParser/MathParser/OperatorSet.swift; sourceTree = "<group>"; };
		5213BE591F7424DE0090E23C /* String.swift */ = {isa = PBXFileReference; lastKnownFileType = sourcecode.swift; name = String.swift; path = Vendor/DDMathParser/MathParser/String.swift; sourceTree = "<group>"; };
		5213BE5A1F7424DE0090E23C /* Character.swift */ = {isa = PBXFileReference; lastKnownFileType = sourcecode.swift; name = Character.swift; path = Vendor/DDMathParser/MathParser/Character.swift; sourceTree = "<group>"; };
		5213BE5B1F7424DE0090E23C /* Functions+Defaults.swift */ = {isa = PBXFileReference; lastKnownFileType = sourcecode.swift; name = "Functions+Defaults.swift"; path = "Vendor/DDMathParser/MathParser/Functions+Defaults.swift"; sourceTree = "<group>"; };
		5213BE5C1F7424DE0090E23C /* GroupedToken.swift */ = {isa = PBXFileReference; lastKnownFileType = sourcecode.swift; name = GroupedToken.swift; path = Vendor/DDMathParser/MathParser/GroupedToken.swift; sourceTree = "<group>"; };
		5213BE5D1F7424DE0090E23C /* LocalizedNumberExtractor.swift */ = {isa = PBXFileReference; lastKnownFileType = sourcecode.swift; name = LocalizedNumberExtractor.swift; path = Vendor/DDMathParser/MathParser/LocalizedNumberExtractor.swift; sourceTree = "<group>"; };
		5213BE5E1F7424DF0090E23C /* TokenCharacterBuffer.swift */ = {isa = PBXFileReference; lastKnownFileType = sourcecode.swift; name = TokenCharacterBuffer.swift; path = Vendor/DDMathParser/MathParser/TokenCharacterBuffer.swift; sourceTree = "<group>"; };
		5213BE5F1F7424DF0090E23C /* ResolvedToken.swift */ = {isa = PBXFileReference; lastKnownFileType = sourcecode.swift; name = ResolvedToken.swift; path = Vendor/DDMathParser/MathParser/ResolvedToken.swift; sourceTree = "<group>"; };
		5213BE601F7424DF0090E23C /* RewriteRule.swift */ = {isa = PBXFileReference; lastKnownFileType = sourcecode.swift; name = RewriteRule.swift; path = Vendor/DDMathParser/MathParser/RewriteRule.swift; sourceTree = "<group>"; };
		5213BE611F7424DF0090E23C /* RewriteRule+Defaults.swift */ = {isa = PBXFileReference; lastKnownFileType = sourcecode.swift; name = "RewriteRule+Defaults.swift"; path = "Vendor/DDMathParser/MathParser/RewriteRule+Defaults.swift"; sourceTree = "<group>"; };
		5213BE621F7424DF0090E23C /* Operator.swift */ = {isa = PBXFileReference; lastKnownFileType = sourcecode.swift; name = Operator.swift; path = Vendor/DDMathParser/MathParser/Operator.swift; sourceTree = "<group>"; };
		5213BE631F7424DF0090E23C /* Double.swift */ = {isa = PBXFileReference; lastKnownFileType = sourcecode.swift; name = Double.swift; path = Vendor/DDMathParser/MathParser/Double.swift; sourceTree = "<group>"; };
		5213BE641F7424DF0090E23C /* OctalNumberExtractor.swift */ = {isa = PBXFileReference; lastKnownFileType = sourcecode.swift; name = OctalNumberExtractor.swift; path = Vendor/DDMathParser/MathParser/OctalNumberExtractor.swift; sourceTree = "<group>"; };
		5213BE651F7424DF0090E23C /* Operator+Defaults.swift */ = {isa = PBXFileReference; lastKnownFileType = sourcecode.swift; name = "Operator+Defaults.swift"; path = "Vendor/DDMathParser/MathParser/Operator+Defaults.swift"; sourceTree = "<group>"; };
		5213BE661F7424DF0090E23C /* Evaluator.swift */ = {isa = PBXFileReference; lastKnownFileType = sourcecode.swift; name = Evaluator.swift; path = Vendor/DDMathParser/MathParser/Evaluator.swift; sourceTree = "<group>"; };
		5213BE671F7424DF0090E23C /* TokenIterator.swift */ = {isa = PBXFileReference; lastKnownFileType = sourcecode.swift; name = TokenIterator.swift; path = Vendor/DDMathParser/MathParser/TokenIterator.swift; sourceTree = "<group>"; };
		5213BE681F7424DF0090E23C /* ExpressionRewriter.swift */ = {isa = PBXFileReference; lastKnownFileType = sourcecode.swift; name = ExpressionRewriter.swift; path = Vendor/DDMathParser/MathParser/ExpressionRewriter.swift; sourceTree = "<group>"; };
		5213BE691F7424DF0090E23C /* Expression.swift */ = {isa = PBXFileReference; lastKnownFileType = sourcecode.swift; name = Expression.swift; path = Vendor/DDMathParser/MathParser/Expression.swift; sourceTree = "<group>"; };
		5213BE6A1F7424DF0090E23C /* MathParserErrors.swift */ = {isa = PBXFileReference; lastKnownFileType = sourcecode.swift; name = MathParserErrors.swift; path = Vendor/DDMathParser/MathParser/MathParserErrors.swift; sourceTree = "<group>"; };
		5213BE6B1F7424DF0090E23C /* TokenExtractor.swift */ = {isa = PBXFileReference; lastKnownFileType = sourcecode.swift; name = TokenExtractor.swift; path = Vendor/DDMathParser/MathParser/TokenExtractor.swift; sourceTree = "<group>"; };
		5213BE6C1F7424DF0090E23C /* Function.swift */ = {isa = PBXFileReference; lastKnownFileType = sourcecode.swift; name = Function.swift; path = Vendor/DDMathParser/MathParser/Function.swift; sourceTree = "<group>"; };
		5213BE6D1F7424DF0090E23C /* QuotedVariableExtractor.swift */ = {isa = PBXFileReference; lastKnownFileType = sourcecode.swift; name = QuotedVariableExtractor.swift; path = Vendor/DDMathParser/MathParser/QuotedVariableExtractor.swift; sourceTree = "<group>"; };
		5213BE6E1F7424DF0090E23C /* TokenResolver.swift */ = {isa = PBXFileReference; lastKnownFileType = sourcecode.swift; name = TokenResolver.swift; path = Vendor/DDMathParser/MathParser/TokenResolver.swift; sourceTree = "<group>"; };
		5213BE6F1F7424E00090E23C /* Tokenizer.swift */ = {isa = PBXFileReference; lastKnownFileType = sourcecode.swift; name = Tokenizer.swift; path = Vendor/DDMathParser/MathParser/Tokenizer.swift; sourceTree = "<group>"; };
		5213BE701F7424E00090E23C /* FunctionSet.swift */ = {isa = PBXFileReference; lastKnownFileType = sourcecode.swift; name = FunctionSet.swift; path = Vendor/DDMathParser/MathParser/FunctionSet.swift; sourceTree = "<group>"; };
		5213BE711F7424E00090E23C /* HexNumberExtractor.swift */ = {isa = PBXFileReference; lastKnownFileType = sourcecode.swift; name = HexNumberExtractor.swift; path = Vendor/DDMathParser/MathParser/HexNumberExtractor.swift; sourceTree = "<group>"; };
		5213BE721F7424E00090E23C /* Expressionizer.swift */ = {isa = PBXFileReference; lastKnownFileType = sourcecode.swift; name = Expressionizer.swift; path = Vendor/DDMathParser/MathParser/Expressionizer.swift; sourceTree = "<group>"; };
		5213BE731F7424E00090E23C /* OperatorExtractor.swift */ = {isa = PBXFileReference; lastKnownFileType = sourcecode.swift; name = OperatorExtractor.swift; path = Vendor/DDMathParser/MathParser/OperatorExtractor.swift; sourceTree = "<group>"; };
		5213BE741F7424E00090E23C /* PeekingIterator.swift */ = {isa = PBXFileReference; lastKnownFileType = sourcecode.swift; name = PeekingIterator.swift; path = Vendor/DDMathParser/MathParser/PeekingIterator.swift; sourceTree = "<group>"; };
		5213BE751F7424E00090E23C /* NumberExtractor.swift */ = {isa = PBXFileReference; lastKnownFileType = sourcecode.swift; name = NumberExtractor.swift; path = Vendor/DDMathParser/MathParser/NumberExtractor.swift; sourceTree = "<group>"; };
		5213BE761F7424E00090E23C /* VariableExtractor.swift */ = {isa = PBXFileReference; lastKnownFileType = sourcecode.swift; name = VariableExtractor.swift; path = Vendor/DDMathParser/MathParser/VariableExtractor.swift; sourceTree = "<group>"; };
		5213BE771F7424E10090E23C /* SpecialNumberExtractor.swift */ = {isa = PBXFileReference; lastKnownFileType = sourcecode.swift; name = SpecialNumberExtractor.swift; path = Vendor/DDMathParser/MathParser/SpecialNumberExtractor.swift; sourceTree = "<group>"; };
		5213BE781F7424E10090E23C /* OperatorTokenSet.swift */ = {isa = PBXFileReference; lastKnownFileType = sourcecode.swift; name = OperatorTokenSet.swift; path = Vendor/DDMathParser/MathParser/OperatorTokenSet.swift; sourceTree = "<group>"; };
		5213BE791F7424E10090E23C /* RawToken.swift */ = {isa = PBXFileReference; lastKnownFileType = sourcecode.swift; name = RawToken.swift; path = Vendor/DDMathParser/MathParser/RawToken.swift; sourceTree = "<group>"; };
		5213BE7A1F7424E10090E23C /* SubstitutionExtensions.swift */ = {isa = PBXFileReference; lastKnownFileType = sourcecode.swift; name = SubstitutionExtensions.swift; path = Vendor/DDMathParser/MathParser/SubstitutionExtensions.swift; sourceTree = "<group>"; };
		5213BE7B1F7424E10090E23C /* DynamicResolution.swift */ = {isa = PBXFileReference; lastKnownFileType = sourcecode.swift; name = DynamicResolution.swift; path = Vendor/DDMathParser/MathParser/DynamicResolution.swift; sourceTree = "<group>"; };
		5213BE7C1F7424E10090E23C /* TokenGrouper.swift */ = {isa = PBXFileReference; lastKnownFileType = sourcecode.swift; name = TokenGrouper.swift; path = Vendor/DDMathParser/MathParser/TokenGrouper.swift; sourceTree = "<group>"; };
		5213BE7D1F7424E10090E23C /* IdentifierExtractor.swift */ = {isa = PBXFileReference; lastKnownFileType = sourcecode.swift; name = IdentifierExtractor.swift; path = Vendor/DDMathParser/MathParser/IdentifierExtractor.swift; sourceTree = "<group>"; };
		5213BE7E1F7424E10090E23C /* ExponentExtractor.swift */ = {isa = PBXFileReference; lastKnownFileType = sourcecode.swift; name = ExponentExtractor.swift; path = Vendor/DDMathParser/MathParser/ExponentExtractor.swift; sourceTree = "<group>"; };
		5213BE7F1F7424E10090E23C /* Either.swift */ = {isa = PBXFileReference; lastKnownFileType = sourcecode.swift; name = Either.swift; path = Vendor/DDMathParser/MathParser/Either.swift; sourceTree = "<group>"; };
		52202EDD1E33F0490065E59A /* BoardViewController.swift */ = {isa = PBXFileReference; fileEncoding = 4; lastKnownFileType = sourcecode.swift; path = BoardViewController.swift; sourceTree = "<group>"; };
		52202EE01E33F2150065E59A /* HowToKnockOutViewController.swift */ = {isa = PBXFileReference; fileEncoding = 4; lastKnownFileType = sourcecode.swift; path = HowToKnockOutViewController.swift; sourceTree = "<group>"; };
		52202EE21E33FCE60065E59A /* GameEngine.swift */ = {isa = PBXFileReference; fileEncoding = 4; lastKnownFileType = sourcecode.swift; path = GameEngine.swift; sourceTree = "<group>"; };
		526024121DFADFEA005379C4 /* SplashScreenInterfaceController.swift */ = {isa = PBXFileReference; fileEncoding = 4; lastKnownFileType = sourcecode.swift; path = SplashScreenInterfaceController.swift; sourceTree = "<group>"; };
		526024141DFADFFC005379C4 /* BoardInterfaceController.swift */ = {isa = PBXFileReference; fileEncoding = 4; lastKnownFileType = sourcecode.swift; path = BoardInterfaceController.swift; sourceTree = "<group>"; };
		526024161DFAE003005379C4 /* ChooseFourInterfaceController.swift */ = {isa = PBXFileReference; fileEncoding = 4; lastKnownFileType = sourcecode.swift; path = ChooseFourInterfaceController.swift; sourceTree = "<group>"; };
		526024181DFAE29B005379C4 /* HowToKnockOutInterfaceController.swift */ = {isa = PBXFileReference; fileEncoding = 4; lastKnownFileType = sourcecode.swift; path = HowToKnockOutInterfaceController.swift; sourceTree = "<group>"; };
		526B08AC1E6ED56400D26232 /* WonViewController.swift */ = {isa = PBXFileReference; fileEncoding = 4; lastKnownFileType = sourcecode.swift; path = WonViewController.swift; sourceTree = "<group>"; };
		529B5CF71E70646400AEE4F4 /* WonInterfaceController.swift */ = {isa = PBXFileReference; fileEncoding = 4; lastKnownFileType = sourcecode.swift; path = WonInterfaceController.swift; sourceTree = "<group>"; };
		52B40EDD1DFACED2005016C3 /* KO iOS.app */ = {isa = PBXFileReference; explicitFileType = wrapper.application; includeInIndex = 0; path = "KO iOS.app"; sourceTree = BUILT_PRODUCTS_DIR; };
		52B40EE01DFACED2005016C3 /* AppDelegate.swift */ = {isa = PBXFileReference; lastKnownFileType = sourcecode.swift; path = AppDelegate.swift; sourceTree = "<group>"; };
		52B40EE21DFACED2005016C3 /* SplashScreenViewController.swift */ = {isa = PBXFileReference; lastKnownFileType = sourcecode.swift; path = SplashScreenViewController.swift; sourceTree = "<group>"; };
		52B40EE51DFACED2005016C3 /* Base */ = {isa = PBXFileReference; lastKnownFileType = file.storyboard; name = Base; path = Base.lproj/Main.storyboard; sourceTree = "<group>"; };
		52B40EE71DFACED2005016C3 /* Assets.xcassets */ = {isa = PBXFileReference; lastKnownFileType = folder.assetcatalog; path = Assets.xcassets; sourceTree = "<group>"; };
		52B40EEA1DFACED2005016C3 /* Base */ = {isa = PBXFileReference; lastKnownFileType = file.storyboard; name = Base; path = Base.lproj/LaunchScreen.storyboard; sourceTree = "<group>"; };
		52B40EEC1DFACED2005016C3 /* Info.plist */ = {isa = PBXFileReference; lastKnownFileType = text.plist.xml; path = Info.plist; sourceTree = "<group>"; };
		52B40EEF1DFACED2005016C3 /* KO Watch App.app */ = {isa = PBXFileReference; explicitFileType = wrapper.application; includeInIndex = 0; path = "KO Watch App.app"; sourceTree = BUILT_PRODUCTS_DIR; };
		52B40EF51DFACED2005016C3 /* Base */ = {isa = PBXFileReference; lastKnownFileType = file.storyboard; name = Base; path = Base.lproj/Interface.storyboard; sourceTree = "<group>"; };
		52B40EF71DFACED2005016C3 /* Assets.xcassets */ = {isa = PBXFileReference; lastKnownFileType = folder.assetcatalog; path = Assets.xcassets; sourceTree = "<group>"; };
		52B40EF91DFACED2005016C3 /* Info.plist */ = {isa = PBXFileReference; lastKnownFileType = text.plist.xml; path = Info.plist; sourceTree = "<group>"; };
		52B40EFE1DFACED2005016C3 /* KO WatchKit Extension.appex */ = {isa = PBXFileReference; explicitFileType = "wrapper.app-extension"; includeInIndex = 0; path = "KO WatchKit Extension.appex"; sourceTree = BUILT_PRODUCTS_DIR; };
		52B40F051DFACED2005016C3 /* ExtensionDelegate.swift */ = {isa = PBXFileReference; lastKnownFileType = sourcecode.swift; path = ExtensionDelegate.swift; sourceTree = "<group>"; };
		52B40F071DFACED2005016C3 /* Assets.xcassets */ = {isa = PBXFileReference; lastKnownFileType = folder.assetcatalog; path = Assets.xcassets; sourceTree = "<group>"; };
		52B40F091DFACED2005016C3 /* Info.plist */ = {isa = PBXFileReference; lastKnownFileType = text.plist.xml; path = Info.plist; sourceTree = "<group>"; };
		52EAA2EA1E3C25EF00233D2E /* NoNotif.entitlements */ = {isa = PBXFileReference; lastKnownFileType = text.plist.entitlements; path = NoNotif.entitlements; sourceTree = "<group>"; };
		52EBE9761E33B35C008F19A7 /* ChooseFourViewController.swift */ = {isa = PBXFileReference; fileEncoding = 4; lastKnownFileType = sourcecode.swift; path = ChooseFourViewController.swift; sourceTree = "<group>"; };
		52FAD4AC1EAAC4F3003B60BE /* Fabric.framework */ = {isa = PBXFileReference; lastKnownFileType = wrapper.framework; path = Fabric.framework; sourceTree = "<group>"; };
		52FAD4AD1EAAC4F3003B60BE /* Crashlytics.framework */ = {isa = PBXFileReference; lastKnownFileType = wrapper.framework; path = Crashlytics.framework; sourceTree = "<group>"; };
/* End PBXFileReference section */

/* Begin PBXFrameworksBuildPhase section */
		52B40EDA1DFACED2005016C3 /* Frameworks */ = {
			isa = PBXFrameworksBuildPhase;
			buildActionMask = 2147483647;
			files = (
				52FAD4AF1EAAC4F3003B60BE /* Crashlytics.framework in Frameworks */,
				52FAD4AE1EAAC4F3003B60BE /* Fabric.framework in Frameworks */,
			);
			runOnlyForDeploymentPostprocessing = 0;
		};
		52B40EFB1DFACED2005016C3 /* Frameworks */ = {
			isa = PBXFrameworksBuildPhase;
			buildActionMask = 2147483647;
			files = (
			);
			runOnlyForDeploymentPostprocessing = 0;
		};
/* End PBXFrameworksBuildPhase section */

/* Begin PBXGroup section */
		5213BE571F7424BC0090E23C /* DDMathParser */ = {
			isa = PBXGroup;
			children = (
				5213BE5A1F7424DE0090E23C /* Character.swift */,
				5213BE631F7424DF0090E23C /* Double.swift */,
				5213BE7B1F7424E10090E23C /* DynamicResolution.swift */,
				5213BE7F1F7424E10090E23C /* Either.swift */,
				5213BE661F7424DF0090E23C /* Evaluator.swift */,
				5213BE7E1F7424E10090E23C /* ExponentExtractor.swift */,
				5213BE691F7424DF0090E23C /* Expression.swift */,
				5213BE721F7424E00090E23C /* Expressionizer.swift */,
				5213BE681F7424DF0090E23C /* ExpressionRewriter.swift */,
				5213BE6C1F7424DF0090E23C /* Function.swift */,
				5213BE5B1F7424DE0090E23C /* Functions+Defaults.swift */,
				5213BE701F7424E00090E23C /* FunctionSet.swift */,
				5213BE5C1F7424DE0090E23C /* GroupedToken.swift */,
				5213BE711F7424E00090E23C /* HexNumberExtractor.swift */,
				5213BE7D1F7424E10090E23C /* IdentifierExtractor.swift */,
				5213BE5D1F7424DE0090E23C /* LocalizedNumberExtractor.swift */,
				5213BE6A1F7424DF0090E23C /* MathParserErrors.swift */,
				5213BE751F7424E00090E23C /* NumberExtractor.swift */,
				5213BE641F7424DF0090E23C /* OctalNumberExtractor.swift */,
				5213BE621F7424DF0090E23C /* Operator.swift */,
				5213BE651F7424DF0090E23C /* Operator+Defaults.swift */,
				5213BE731F7424E00090E23C /* OperatorExtractor.swift */,
				5213BE581F7424DE0090E23C /* OperatorSet.swift */,
				5213BE781F7424E10090E23C /* OperatorTokenSet.swift */,
				5213BE741F7424E00090E23C /* PeekingIterator.swift */,
				5213BE6D1F7424DF0090E23C /* QuotedVariableExtractor.swift */,
				5213BE791F7424E10090E23C /* RawToken.swift */,
				5213BE5F1F7424DF0090E23C /* ResolvedToken.swift */,
				5213BE601F7424DF0090E23C /* RewriteRule.swift */,
				5213BE611F7424DF0090E23C /* RewriteRule+Defaults.swift */,
				5213BE771F7424E10090E23C /* SpecialNumberExtractor.swift */,
				5213BE591F7424DE0090E23C /* String.swift */,
				5213BE7A1F7424E10090E23C /* SubstitutionExtensions.swift */,
				5213BE5E1F7424DF0090E23C /* TokenCharacterBuffer.swift */,
				5213BE6B1F7424DF0090E23C /* TokenExtractor.swift */,
				5213BE7C1F7424E10090E23C /* TokenGrouper.swift */,
				5213BE671F7424DF0090E23C /* TokenIterator.swift */,
				5213BE6F1F7424E00090E23C /* Tokenizer.swift */,
				5213BE6E1F7424DF0090E23C /* TokenResolver.swift */,
				5213BE761F7424E00090E23C /* VariableExtractor.swift */,
			);
			name = DDMathParser;
			sourceTree = "<group>";
		};
		528C49B31E3FA01B004DA88E /* Shared */ = {
			isa = PBXGroup;
			children = (
				52202EE21E33FCE60065E59A /* GameEngine.swift */,
			);
			name = Shared;
			path = NoNotif;
			sourceTree = "<group>";
		};
		52B40ED41DFACED2005016C3 = {
			isa = PBXGroup;
			children = (
				52FAD4B01EAAC61B003B60BE /* dependencies */,
				528C49B31E3FA01B004DA88E /* Shared */,
				52B40EDF1DFACED2005016C3 /* iOS App */,
				52B40EF31DFACED2005016C3 /* WatchKit App */,
				52B40F021DFACED2005016C3 /* WatchKit Extension */,
				52B40EDE1DFACED2005016C3 /* Products */,
			);
			sourceTree = "<group>";
		};
		52B40EDE1DFACED2005016C3 /* Products */ = {
			isa = PBXGroup;
			children = (
				52B40EDD1DFACED2005016C3 /* KO iOS.app */,
				52B40EEF1DFACED2005016C3 /* KO Watch App.app */,
				52B40EFE1DFACED2005016C3 /* KO WatchKit Extension.appex */,
			);
			name = Products;
			sourceTree = "<group>";
		};
		52B40EDF1DFACED2005016C3 /* iOS App */ = {
			isa = PBXGroup;
			children = (
				52EAA2EA1E3C25EF00233D2E /* NoNotif.entitlements */,
				52B40EE01DFACED2005016C3 /* AppDelegate.swift */,
				52B40EE21DFACED2005016C3 /* SplashScreenViewController.swift */,
				52EBE9761E33B35C008F19A7 /* ChooseFourViewController.swift */,
				52202EDD1E33F0490065E59A /* BoardViewController.swift */,
				52202EE01E33F2150065E59A /* HowToKnockOutViewController.swift */,
				526B08AC1E6ED56400D26232 /* WonViewController.swift */,
				52B40EE41DFACED2005016C3 /* Main.storyboard */,
				52B40EE71DFACED2005016C3 /* Assets.xcassets */,
				52B40EE91DFACED2005016C3 /* LaunchScreen.storyboard */,
				52B40EEC1DFACED2005016C3 /* Info.plist */,
			);
			name = "iOS App";
			path = NoNotif;
			sourceTree = "<group>";
		};
		52B40EF31DFACED2005016C3 /* WatchKit App */ = {
			isa = PBXGroup;
			children = (
				52B40EF41DFACED2005016C3 /* Interface.storyboard */,
				52B40EF71DFACED2005016C3 /* Assets.xcassets */,
				52B40EF91DFACED2005016C3 /* Info.plist */,
			);
			name = "WatchKit App";
			path = "NoNotif WatchKit App";
			sourceTree = "<group>";
		};
		52B40F021DFACED2005016C3 /* WatchKit Extension */ = {
			isa = PBXGroup;
			children = (
				52B40F051DFACED2005016C3 /* ExtensionDelegate.swift */,
				526024121DFADFEA005379C4 /* SplashScreenInterfaceController.swift */,
				526024161DFAE003005379C4 /* ChooseFourInterfaceController.swift */,
				526024141DFADFFC005379C4 /* BoardInterfaceController.swift */,
				526024181DFAE29B005379C4 /* HowToKnockOutInterfaceController.swift */,
				529B5CF71E70646400AEE4F4 /* WonInterfaceController.swift */,
				52B40F071DFACED2005016C3 /* Assets.xcassets */,
				52B40F091DFACED2005016C3 /* Info.plist */,
			);
			name = "WatchKit Extension";
			path = "NoNotif WatchKit Extension";
			sourceTree = "<group>";
		};
		52FAD4B01EAAC61B003B60BE /* dependencies */ = {
			isa = PBXGroup;
			children = (
				5213BE571F7424BC0090E23C /* DDMathParser */,
				52FAD4AC1EAAC4F3003B60BE /* Fabric.framework */,
				52FAD4AD1EAAC4F3003B60BE /* Crashlytics.framework */,
			);
			name = dependencies;
			sourceTree = "<group>";
		};
/* End PBXGroup section */

/* Begin PBXNativeTarget section */
		52B40EDC1DFACED2005016C3 /* KO iOS */ = {
			isa = PBXNativeTarget;
			buildConfigurationList = 52B40F141DFACED2005016C3 /* Build configuration list for PBXNativeTarget "KO iOS" */;
			buildPhases = (
				52B40ED91DFACED2005016C3 /* Sources */,
				52B40EDA1DFACED2005016C3 /* Frameworks */,
				52B40EDB1DFACED2005016C3 /* Resources */,
				52B40F131DFACED2005016C3 /* Embed Watch Content */,
				5227BBBF1E5F100300A40306 /* CopyFiles */,
				52FAD4AB1EAAC453003B60BE /* Crashlytics */,
			);
			buildRules = (
			);
			dependencies = (
				52CE22451F74118C008E2F0B /* PBXTargetDependency */,
			);
			name = "KO iOS";
			productName = NoNotif;
			productReference = 52B40EDD1DFACED2005016C3 /* KO iOS.app */;
			productType = "com.apple.product-type.application";
		};
		52B40EEE1DFACED2005016C3 /* KO Watch App */ = {
			isa = PBXNativeTarget;
			buildConfigurationList = 52B40F101DFACED2005016C3 /* Build configuration list for PBXNativeTarget "KO Watch App" */;
			buildPhases = (
				52B40EED1DFACED2005016C3 /* Resources */,
				52B40F0F1DFACED2005016C3 /* Embed App Extensions */,
			);
			buildRules = (
			);
			dependencies = (
				52B40F011DFACED2005016C3 /* PBXTargetDependency */,
			);
			name = "KO Watch App";
			productName = "NoNotif WatchKit App";
			productReference = 52B40EEF1DFACED2005016C3 /* KO Watch App.app */;
			productType = "com.apple.product-type.application.watchapp2";
		};
		52B40EFD1DFACED2005016C3 /* KO WatchKit Extension */ = {
			isa = PBXNativeTarget;
			buildConfigurationList = 52B40F0C1DFACED2005016C3 /* Build configuration list for PBXNativeTarget "KO WatchKit Extension" */;
			buildPhases = (
				52B40EFA1DFACED2005016C3 /* Sources */,
				52B40EFB1DFACED2005016C3 /* Frameworks */,
				52B40EFC1DFACED2005016C3 /* Resources */,
				52F8D5451E5DC63700C8F404 /* Embed Frameworks */,
			);
			buildRules = (
			);
			dependencies = (
			);
			name = "KO WatchKit Extension";
			productName = "NoNotif WatchKit Extension";
			productReference = 52B40EFE1DFACED2005016C3 /* KO WatchKit Extension.appex */;
			productType = "com.apple.product-type.watchkit2-extension";
		};
/* End PBXNativeTarget section */

/* Begin PBXProject section */
		52B40ED51DFACED2005016C3 /* Project object */ = {
			isa = PBXProject;
			attributes = {
				LastSwiftUpdateCheck = 0810;
				LastUpgradeCheck = 0900;
				ORGANIZATIONNAME = "John Groenlund";
				TargetAttributes = {
					52B40EDC1DFACED2005016C3 = {
						CreatedOnToolsVersion = 8.1;
						LastSwiftMigration = 0900;
						ProvisioningStyle = Automatic;
						SystemCapabilities = {
							com.apple.ApplicationGroups.iOS = {
								enabled = 0;
							};
						};
					};
					52B40EEE1DFACED2005016C3 = {
						CreatedOnToolsVersion = 8.1;
						LastSwiftMigration = 0900;
						ProvisioningStyle = Automatic;
					};
					52B40EFD1DFACED2005016C3 = {
						CreatedOnToolsVersion = 8.1;
						LastSwiftMigration = 0900;
						ProvisioningStyle = Automatic;
					};
				};
			};
			buildConfigurationList = 52B40ED81DFACED2005016C3 /* Build configuration list for PBXProject "KO" */;
			compatibilityVersion = "Xcode 8.0";
			developmentRegion = English;
			hasScannedForEncodings = 0;
			knownRegions = (
				en,
				Base,
			);
			mainGroup = 52B40ED41DFACED2005016C3;
			productRefGroup = 52B40EDE1DFACED2005016C3 /* Products */;
			projectDirPath = "";
			projectRoot = "";
			targets = (
				52B40EDC1DFACED2005016C3 /* KO iOS */,
				52B40EEE1DFACED2005016C3 /* KO Watch App */,
				52B40EFD1DFACED2005016C3 /* KO WatchKit Extension */,
			);
		};
/* End PBXProject section */

/* Begin PBXResourcesBuildPhase section */
		52B40EDB1DFACED2005016C3 /* Resources */ = {
			isa = PBXResourcesBuildPhase;
			buildActionMask = 2147483647;
			files = (
				52B40EEB1DFACED2005016C3 /* LaunchScreen.storyboard in Resources */,
				52B40EE81DFACED2005016C3 /* Assets.xcassets in Resources */,
				52B40EE61DFACED2005016C3 /* Main.storyboard in Resources */,
			);
			runOnlyForDeploymentPostprocessing = 0;
		};
		52B40EED1DFACED2005016C3 /* Resources */ = {
			isa = PBXResourcesBuildPhase;
			buildActionMask = 2147483647;
			files = (
				52B40EF81DFACED2005016C3 /* Assets.xcassets in Resources */,
				52B40EF61DFACED2005016C3 /* Interface.storyboard in Resources */,
			);
			runOnlyForDeploymentPostprocessing = 0;
		};
		52B40EFC1DFACED2005016C3 /* Resources */ = {
			isa = PBXResourcesBuildPhase;
			buildActionMask = 2147483647;
			files = (
				52B40F081DFACED2005016C3 /* Assets.xcassets in Resources */,
			);
			runOnlyForDeploymentPostprocessing = 0;
		};
/* End PBXResourcesBuildPhase section */

/* Begin PBXShellScriptBuildPhase section */
		52FAD4AB1EAAC453003B60BE /* Crashlytics */ = {
			isa = PBXShellScriptBuildPhase;
			buildActionMask = 2147483647;
			files = (
			);
			inputPaths = (
			);
			name = Crashlytics;
			outputPaths = (
			);
			runOnlyForDeploymentPostprocessing = 0;
			shellPath = /bin/sh;
			shellScript = "./Fabric.framework/run cdbb98e958652b93b9f3dfdbb34476ef7f659421 3c8993d059873b329b87e8e59ff36b3a92057569b78a2f7a9502e0c2e8f236e9";
		};
/* End PBXShellScriptBuildPhase section */

/* Begin PBXSourcesBuildPhase section */
		52B40ED91DFACED2005016C3 /* Sources */ = {
			isa = PBXSourcesBuildPhase;
			buildActionMask = 2147483647;
			files = (
				5213BE8C1F7425B50090E23C /* GroupedToken.swift in Sources */,
				5213BEA41F7425B50090E23C /* TokenIterator.swift in Sources */,
				5213BE851F7425B50090E23C /* ExponentExtractor.swift in Sources */,
				5213BE991F7425B50090E23C /* QuotedVariableExtractor.swift in Sources */,
				52EBE9771E33B35C008F19A7 /* ChooseFourViewController.swift in Sources */,
				5213BEA21F7425B50090E23C /* TokenExtractor.swift in Sources */,
				5213BEA01F7425B50090E23C /* SubstitutionExtensions.swift in Sources */,
				5213BE821F7425B50090E23C /* DynamicResolution.swift in Sources */,
				5213BE8F1F7425B50090E23C /* LocalizedNumberExtractor.swift in Sources */,
				52202EE31E33FCE60065E59A /* GameEngine.swift in Sources */,
				526B08AD1E6ED56400D26232 /* WonViewController.swift in Sources */,
				5213BEA11F7425B50090E23C /* TokenCharacterBuffer.swift in Sources */,
				5213BE931F7425B50090E23C /* Operator.swift in Sources */,
				5213BE921F7425B50090E23C /* OctalNumberExtractor.swift in Sources */,
				5213BE971F7425B50090E23C /* OperatorTokenSet.swift in Sources */,
				5213BE8A1F7425B50090E23C /* Functions+Defaults.swift in Sources */,
				5213BEA51F7425B50090E23C /* Tokenizer.swift in Sources */,
				5213BE861F7425B50090E23C /* Expression.swift in Sources */,
				5213BEA71F7425B50090E23C /* VariableExtractor.swift in Sources */,
				52B40EE31DFACED2005016C3 /* SplashScreenViewController.swift in Sources */,
				5213BE881F7425B50090E23C /* ExpressionRewriter.swift in Sources */,
				5213BE871F7425B50090E23C /* Expressionizer.swift in Sources */,
				5213BE8E1F7425B50090E23C /* IdentifierExtractor.swift in Sources */,
				5213BE9E1F7425B50090E23C /* SpecialNumberExtractor.swift in Sources */,
				5213BE8B1F7425B50090E23C /* FunctionSet.swift in Sources */,
				5213BE9C1F7425B50090E23C /* RewriteRule.swift in Sources */,
				5213BEA61F7425B50090E23C /* TokenResolver.swift in Sources */,
				5213BE841F7425B50090E23C /* Evaluator.swift in Sources */,
				5213BEA31F7425B50090E23C /* TokenGrouper.swift in Sources */,
				5213BE941F7425B50090E23C /* Operator+Defaults.swift in Sources */,
				52202EE11E33F2150065E59A /* HowToKnockOutViewController.swift in Sources */,
				5213BE891F7425B50090E23C /* Function.swift in Sources */,
				52B40EE11DFACED2005016C3 /* AppDelegate.swift in Sources */,
				5213BE831F7425B50090E23C /* Either.swift in Sources */,
				5213BE8D1F7425B50090E23C /* HexNumberExtractor.swift in Sources */,
				5213BE9F1F7425B50090E23C /* String.swift in Sources */,
				5213BE911F7425B50090E23C /* NumberExtractor.swift in Sources */,
				52202EDE1E33F0490065E59A /* BoardViewController.swift in Sources */,
				5213BE901F7425B50090E23C /* MathParserErrors.swift in Sources */,
				5213BE961F7425B50090E23C /* OperatorSet.swift in Sources */,
				5213BE9B1F7425B50090E23C /* ResolvedToken.swift in Sources */,
				5213BE811F7425B50090E23C /* Double.swift in Sources */,
				5213BE981F7425B50090E23C /* PeekingIterator.swift in Sources */,
				5213BE801F7425B50090E23C /* Character.swift in Sources */,
				5213BE9A1F7425B50090E23C /* RawToken.swift in Sources */,
				5213BE951F7425B50090E23C /* OperatorExtractor.swift in Sources */,
				5213BE9D1F7425B50090E23C /* RewriteRule+Defaults.swift in Sources */,
			);
			runOnlyForDeploymentPostprocessing = 0;
		};
		52B40EFA1DFACED2005016C3 /* Sources */ = {
			isa = PBXSourcesBuildPhase;
			buildActionMask = 2147483647;
			files = (
				5213BEB41F7425B60090E23C /* GroupedToken.swift in Sources */,
				5213BECC1F7425B60090E23C /* TokenIterator.swift in Sources */,
				5213BEAD1F7425B60090E23C /* ExponentExtractor.swift in Sources */,
				5213BEC11F7425B60090E23C /* QuotedVariableExtractor.swift in Sources */,
				52B40F061DFACED2005016C3 /* ExtensionDelegate.swift in Sources */,
				5213BECA1F7425B60090E23C /* TokenExtractor.swift in Sources */,
				5213BEC81F7425B60090E23C /* SubstitutionExtensions.swift in Sources */,
				5213BEAA1F7425B60090E23C /* DynamicResolution.swift in Sources */,
				5213BEB71F7425B60090E23C /* LocalizedNumberExtractor.swift in Sources */,
				526024171DFAE003005379C4 /* ChooseFourInterfaceController.swift in Sources */,
				528C49B41E3FA031004DA88E /* GameEngine.swift in Sources */,
				5213BEC91F7425B60090E23C /* TokenCharacterBuffer.swift in Sources */,
				5213BEBB1F7425B60090E23C /* Operator.swift in Sources */,
				5213BEBA1F7425B60090E23C /* OctalNumberExtractor.swift in Sources */,
				5213BEBF1F7425B60090E23C /* OperatorTokenSet.swift in Sources */,
				5213BEB21F7425B60090E23C /* Functions+Defaults.swift in Sources */,
				5213BECD1F7425B60090E23C /* Tokenizer.swift in Sources */,
				5213BEAE1F7425B60090E23C /* Expression.swift in Sources */,
				5213BECF1F7425B60090E23C /* VariableExtractor.swift in Sources */,
				526024191DFAE29B005379C4 /* HowToKnockOutInterfaceController.swift in Sources */,
				5213BEB01F7425B60090E23C /* ExpressionRewriter.swift in Sources */,
				5213BEAF1F7425B60090E23C /* Expressionizer.swift in Sources */,
				5213BEB61F7425B60090E23C /* IdentifierExtractor.swift in Sources */,
				5213BEC61F7425B60090E23C /* SpecialNumberExtractor.swift in Sources */,
				5213BEB31F7425B60090E23C /* FunctionSet.swift in Sources */,
				5213BEC41F7425B60090E23C /* RewriteRule.swift in Sources */,
				5213BECE1F7425B60090E23C /* TokenResolver.swift in Sources */,
				5213BEAC1F7425B60090E23C /* Evaluator.swift in Sources */,
				5213BECB1F7425B60090E23C /* TokenGrouper.swift in Sources */,
				5213BEBC1F7425B60090E23C /* Operator+Defaults.swift in Sources */,
				529B5CF81E70646400AEE4F4 /* WonInterfaceController.swift in Sources */,
				5213BEB11F7425B60090E23C /* Function.swift in Sources */,
				526024151DFADFFC005379C4 /* BoardInterfaceController.swift in Sources */,
				5213BEAB1F7425B60090E23C /* Either.swift in Sources */,
				5213BEB51F7425B60090E23C /* HexNumberExtractor.swift in Sources */,
				5213BEC71F7425B60090E23C /* String.swift in Sources */,
				5213BEB91F7425B60090E23C /* NumberExtractor.swift in Sources */,
				526024131DFADFEA005379C4 /* SplashScreenInterfaceController.swift in Sources */,
				5213BEB81F7425B60090E23C /* MathParserErrors.swift in Sources */,
				5213BEBE1F7425B60090E23C /* OperatorSet.swift in Sources */,
				5213BEC31F7425B60090E23C /* ResolvedToken.swift in Sources */,
				5213BEA91F7425B60090E23C /* Double.swift in Sources */,
				5213BEC01F7425B60090E23C /* PeekingIterator.swift in Sources */,
				5213BEA81F7425B60090E23C /* Character.swift in Sources */,
				5213BEC21F7425B60090E23C /* RawToken.swift in Sources */,
				5213BEBD1F7425B60090E23C /* OperatorExtractor.swift in Sources */,
				5213BEC51F7425B60090E23C /* RewriteRule+Defaults.swift in Sources */,
			);
			runOnlyForDeploymentPostprocessing = 0;
		};
/* End PBXSourcesBuildPhase section */

/* Begin PBXTargetDependency section */
		52B40F011DFACED2005016C3 /* PBXTargetDependency */ = {
			isa = PBXTargetDependency;
			target = 52B40EFD1DFACED2005016C3 /* KO WatchKit Extension */;
			targetProxy = 52B40F001DFACED2005016C3 /* PBXContainerItemProxy */;
		};
		52CE22451F74118C008E2F0B /* PBXTargetDependency */ = {
			isa = PBXTargetDependency;
			target = 52B40EEE1DFACED2005016C3 /* KO Watch App */;
			targetProxy = 52CE22441F74118C008E2F0B /* PBXContainerItemProxy */;
		};
/* End PBXTargetDependency section */

/* Begin PBXVariantGroup section */
		52B40EE41DFACED2005016C3 /* Main.storyboard */ = {
			isa = PBXVariantGroup;
			children = (
				52B40EE51DFACED2005016C3 /* Base */,
			);
			name = Main.storyboard;
			sourceTree = "<group>";
		};
		52B40EE91DFACED2005016C3 /* LaunchScreen.storyboard */ = {
			isa = PBXVariantGroup;
			children = (
				52B40EEA1DFACED2005016C3 /* Base */,
			);
			name = LaunchScreen.storyboard;
			sourceTree = "<group>";
		};
		52B40EF41DFACED2005016C3 /* Interface.storyboard */ = {
			isa = PBXVariantGroup;
			children = (
				52B40EF51DFACED2005016C3 /* Base */,
			);
			name = Interface.storyboard;
			sourceTree = "<group>";
		};
/* End PBXVariantGroup section */

/* Begin XCBuildConfiguration section */
		52B40F0A1DFACED2005016C3 /* Debug */ = {
			isa = XCBuildConfiguration;
			buildSettings = {
				ALWAYS_SEARCH_USER_PATHS = NO;
				CLANG_ANALYZER_NONNULL = YES;
				CLANG_CXX_LANGUAGE_STANDARD = "gnu++0x";
				CLANG_CXX_LIBRARY = "libc++";
				CLANG_ENABLE_MODULES = YES;
				CLANG_ENABLE_OBJC_ARC = YES;
				CLANG_WARN_BLOCK_CAPTURE_AUTORELEASING = YES;
				CLANG_WARN_BOOL_CONVERSION = YES;
				CLANG_WARN_COMMA = YES;
				CLANG_WARN_CONSTANT_CONVERSION = YES;
				CLANG_WARN_DIRECT_OBJC_ISA_USAGE = YES_ERROR;
				CLANG_WARN_DOCUMENTATION_COMMENTS = YES;
				CLANG_WARN_EMPTY_BODY = YES;
				CLANG_WARN_ENUM_CONVERSION = YES;
				CLANG_WARN_INFINITE_RECURSION = YES;
				CLANG_WARN_INT_CONVERSION = YES;
				CLANG_WARN_NON_LITERAL_NULL_CONVERSION = YES;
				CLANG_WARN_OBJC_LITERAL_CONVERSION = YES;
				CLANG_WARN_OBJC_ROOT_CLASS = YES_ERROR;
				CLANG_WARN_RANGE_LOOP_ANALYSIS = YES;
				CLANG_WARN_STRICT_PROTOTYPES = YES;
				CLANG_WARN_SUSPICIOUS_MOVE = YES;
				CLANG_WARN_SUSPICIOUS_MOVES = YES;
				CLANG_WARN_UNREACHABLE_CODE = YES;
				CLANG_WARN__DUPLICATE_METHOD_MATCH = YES;
				"CODE_SIGN_IDENTITY[sdk=iphoneos*]" = "iPhone Developer";
				COPY_PHASE_STRIP = NO;
				DEBUG_INFORMATION_FORMAT = "dwarf-with-dsym";
				ENABLE_STRICT_OBJC_MSGSEND = YES;
				ENABLE_TESTABILITY = YES;
				GCC_C_LANGUAGE_STANDARD = gnu99;
				GCC_DYNAMIC_NO_PIC = NO;
				GCC_NO_COMMON_BLOCKS = YES;
				GCC_OPTIMIZATION_LEVEL = 0;
				GCC_PREPROCESSOR_DEFINITIONS = (
					"DEBUG=1",
					"$(inherited)",
				);
				GCC_WARN_64_TO_32_BIT_CONVERSION = YES;
				GCC_WARN_ABOUT_RETURN_TYPE = YES_ERROR;
				GCC_WARN_UNDECLARED_SELECTOR = YES;
				GCC_WARN_UNINITIALIZED_AUTOS = YES_AGGRESSIVE;
				GCC_WARN_UNUSED_FUNCTION = YES;
				GCC_WARN_UNUSED_VARIABLE = YES;
				MTL_ENABLE_DEBUG_INFO = YES;
				ONLY_ACTIVE_ARCH = YES;
				SDKROOT = iphoneos;
				SWIFT_ACTIVE_COMPILATION_CONDITIONS = DEBUG;
				SWIFT_OPTIMIZATION_LEVEL = "-Onone";
				SWIFT_VERSION = 4.0;
			};
			name = Debug;
		};
		52B40F0B1DFACED2005016C3 /* Release */ = {
			isa = XCBuildConfiguration;
			buildSettings = {
				ALWAYS_SEARCH_USER_PATHS = NO;
				CLANG_ANALYZER_NONNULL = YES;
				CLANG_CXX_LANGUAGE_STANDARD = "gnu++0x";
				CLANG_CXX_LIBRARY = "libc++";
				CLANG_ENABLE_MODULES = YES;
				CLANG_ENABLE_OBJC_ARC = YES;
				CLANG_WARN_BLOCK_CAPTURE_AUTORELEASING = YES;
				CLANG_WARN_BOOL_CONVERSION = YES;
				CLANG_WARN_COMMA = YES;
				CLANG_WARN_CONSTANT_CONVERSION = YES;
				CLANG_WARN_DIRECT_OBJC_ISA_USAGE = YES_ERROR;
				CLANG_WARN_DOCUMENTATION_COMMENTS = YES;
				CLANG_WARN_EMPTY_BODY = YES;
				CLANG_WARN_ENUM_CONVERSION = YES;
				CLANG_WARN_INFINITE_RECURSION = YES;
				CLANG_WARN_INT_CONVERSION = YES;
				CLANG_WARN_NON_LITERAL_NULL_CONVERSION = YES;
				CLANG_WARN_OBJC_LITERAL_CONVERSION = YES;
				CLANG_WARN_OBJC_ROOT_CLASS = YES_ERROR;
				CLANG_WARN_RANGE_LOOP_ANALYSIS = YES;
				CLANG_WARN_STRICT_PROTOTYPES = YES;
				CLANG_WARN_SUSPICIOUS_MOVE = YES;
				CLANG_WARN_SUSPICIOUS_MOVES = YES;
				CLANG_WARN_UNREACHABLE_CODE = YES;
				CLANG_WARN__DUPLICATE_METHOD_MATCH = YES;
				"CODE_SIGN_IDENTITY[sdk=iphoneos*]" = "iPhone Developer";
				COPY_PHASE_STRIP = NO;
				DEBUG_INFORMATION_FORMAT = "dwarf-with-dsym";
				ENABLE_NS_ASSERTIONS = NO;
				ENABLE_STRICT_OBJC_MSGSEND = YES;
				GCC_C_LANGUAGE_STANDARD = gnu99;
				GCC_NO_COMMON_BLOCKS = YES;
				GCC_WARN_64_TO_32_BIT_CONVERSION = YES;
				GCC_WARN_ABOUT_RETURN_TYPE = YES_ERROR;
				GCC_WARN_UNDECLARED_SELECTOR = YES;
				GCC_WARN_UNINITIALIZED_AUTOS = YES_AGGRESSIVE;
				GCC_WARN_UNUSED_FUNCTION = YES;
				GCC_WARN_UNUSED_VARIABLE = YES;
				MTL_ENABLE_DEBUG_INFO = NO;
				SDKROOT = iphoneos;
				SWIFT_OPTIMIZATION_LEVEL = "-Owholemodule";
				SWIFT_VERSION = 4.0;
				VALIDATE_PRODUCT = YES;
			};
			name = Release;
		};
		52B40F0D1DFACED2005016C3 /* Debug */ = {
			isa = XCBuildConfiguration;
			buildSettings = {
				ASSETCATALOG_COMPILER_COMPLICATION_NAME = "";
				DEBUG_INFORMATION_FORMAT = "dwarf-with-dsym";
				DEVELOPMENT_TEAM = WEALMB79XU;
				INFOPLIST_FILE = "NoNotif WatchKit Extension/Info.plist";
				LD_RUNPATH_SEARCH_PATHS = "$(inherited) @executable_path/Frameworks @executable_path/../../Frameworks";
				PRODUCT_BUNDLE_IDENTIFIER = com.HeartCaveWorks.MathKnockout.watchapp.watchextension;
				PRODUCT_NAME = "${TARGET_NAME}";
				SDKROOT = watchos;
				SKIP_INSTALL = YES;
				SWIFT_SWIFT3_OBJC_INFERENCE = Default;
				SWIFT_VERSION = 4.0;
				TARGETED_DEVICE_FAMILY = 4;
			};
			name = Debug;
		};
		52B40F0E1DFACED2005016C3 /* Release */ = {
			isa = XCBuildConfiguration;
			buildSettings = {
				ASSETCATALOG_COMPILER_COMPLICATION_NAME = "";
				DEVELOPMENT_TEAM = WEALMB79XU;
				INFOPLIST_FILE = "NoNotif WatchKit Extension/Info.plist";
				LD_RUNPATH_SEARCH_PATHS = "$(inherited) @executable_path/Frameworks @executable_path/../../Frameworks";
				PRODUCT_BUNDLE_IDENTIFIER = com.HeartCaveWorks.MathKnockout.watchapp.watchextension;
				PRODUCT_NAME = "${TARGET_NAME}";
				SDKROOT = watchos;
				SKIP_INSTALL = YES;
				SWIFT_SWIFT3_OBJC_INFERENCE = Default;
				SWIFT_VERSION = 4.0;
				TARGETED_DEVICE_FAMILY = 4;
			};
			name = Release;
		};
		52B40F111DFACED2005016C3 /* Debug */ = {
			isa = XCBuildConfiguration;
			buildSettings = {
				ALWAYS_EMBED_SWIFT_STANDARD_LIBRARIES = YES;
				ASSETCATALOG_COMPILER_APPICON_NAME = AppIcon;
				DEBUG_INFORMATION_FORMAT = "dwarf-with-dsym";
				DEVELOPMENT_TEAM = WEALMB79XU;
				IBSC_MODULE = KO_WatchKit_Extension;
				INFOPLIST_FILE = "NoNotif WatchKit App/Info.plist";
				PRODUCT_BUNDLE_IDENTIFIER = com.HeartCaveWorks.MathKnockout.watchapp;
				PRODUCT_NAME = "$(TARGET_NAME)";
				SDKROOT = watchos;
				SKIP_INSTALL = YES;
				SWIFT_SWIFT3_OBJC_INFERENCE = Default;
				SWIFT_VERSION = 4.0;
				TARGETED_DEVICE_FAMILY = 4;
			};
			name = Debug;
		};
		52B40F121DFACED2005016C3 /* Release */ = {
			isa = XCBuildConfiguration;
			buildSettings = {
				ALWAYS_EMBED_SWIFT_STANDARD_LIBRARIES = YES;
				ASSETCATALOG_COMPILER_APPICON_NAME = AppIcon;
				DEVELOPMENT_TEAM = WEALMB79XU;
				IBSC_MODULE = KO_WatchKit_Extension;
				INFOPLIST_FILE = "NoNotif WatchKit App/Info.plist";
				PRODUCT_BUNDLE_IDENTIFIER = com.HeartCaveWorks.MathKnockout.watchapp;
				PRODUCT_NAME = "$(TARGET_NAME)";
				SDKROOT = watchos;
				SKIP_INSTALL = YES;
				SWIFT_SWIFT3_OBJC_INFERENCE = Default;
				SWIFT_VERSION = 4.0;
				TARGETED_DEVICE_FAMILY = 4;
			};
			name = Release;
		};
		52B40F151DFACED2005016C3 /* Debug */ = {
			isa = XCBuildConfiguration;
			buildSettings = {
				ASSETCATALOG_COMPILER_APPICON_NAME = AppIcon;
				DEBUG_INFORMATION_FORMAT = "dwarf-with-dsym";
				DEVELOPMENT_TEAM = WEALMB79XU;
				ENABLE_BITCODE = NO;
				FRAMEWORK_SEARCH_PATHS = (
					"$(inherited)",
					"$(PROJECT_DIR)",
				);
				INFOPLIST_FILE = NoNotif/Info.plist;
				LD_RUNPATH_SEARCH_PATHS = "$(inherited) @executable_path/Frameworks";
				PRODUCT_BUNDLE_IDENTIFIER = com.HeartCaveWorks.MathKnockout;
				PRODUCT_NAME = "$(TARGET_NAME)";
				SWIFT_SWIFT3_OBJC_INFERENCE = Default;
				SWIFT_VERSION = 4.0;
			};
			name = Debug;
		};
		52B40F161DFACED2005016C3 /* Release */ = {
			isa = XCBuildConfiguration;
			buildSettings = {
				ASSETCATALOG_COMPILER_APPICON_NAME = AppIcon;
				DEVELOPMENT_TEAM = WEALMB79XU;
				ENABLE_BITCODE = NO;
				FRAMEWORK_SEARCH_PATHS = (
					"$(inherited)",
					"$(PROJECT_DIR)",
				);
				INFOPLIST_FILE = NoNotif/Info.plist;
				LD_RUNPATH_SEARCH_PATHS = "$(inherited) @executable_path/Frameworks";
				PRODUCT_BUNDLE_IDENTIFIER = com.HeartCaveWorks.MathKnockout;
				PRODUCT_NAME = "$(TARGET_NAME)";
				SWIFT_SWIFT3_OBJC_INFERENCE = Default;
				SWIFT_VERSION = 4.0;
			};
			name = Release;
		};
/* End XCBuildConfiguration section */

/* Begin XCConfigurationList section */
		52B40ED81DFACED2005016C3 /* Build configuration list for PBXProject "KO" */ = {
			isa = XCConfigurationList;
			buildConfigurations = (
				52B40F0A1DFACED2005016C3 /* Debug */,
				52B40F0B1DFACED2005016C3 /* Release */,
			);
			defaultConfigurationIsVisible = 0;
			defaultConfigurationName = Release;
		};
		52B40F0C1DFACED2005016C3 /* Build configuration list for PBXNativeTarget "KO WatchKit Extension" */ = {
			isa = XCConfigurationList;
			buildConfigurations = (
				52B40F0D1DFACED2005016C3 /* Debug */,
				52B40F0E1DFACED2005016C3 /* Release */,
			);
			defaultConfigurationIsVisible = 0;
			defaultConfigurationName = Release;
		};
		52B40F101DFACED2005016C3 /* Build configuration list for PBXNativeTarget "KO Watch App" */ = {
			isa = XCConfigurationList;
			buildConfigurations = (
				52B40F111DFACED2005016C3 /* Debug */,
				52B40F121DFACED2005016C3 /* Release */,
			);
			defaultConfigurationIsVisible = 0;
			defaultConfigurationName = Release;
		};
		52B40F141DFACED2005016C3 /* Build configuration list for PBXNativeTarget "KO iOS" */ = {
			isa = XCConfigurationList;
			buildConfigurations = (
				52B40F151DFACED2005016C3 /* Debug */,
				52B40F161DFACED2005016C3 /* Release */,
			);
			defaultConfigurationIsVisible = 0;
			defaultConfigurationName = Release;
		};
/* End XCConfigurationList section */
	};
	rootObject = 52B40ED51DFACED2005016C3 /* Project object */;
}
